
Microsoft Visual Studio Solution File, Format Version 12.00
# Visual Studio Version 17
VisualStudioVersion = 17.9.34728.123
MinimumVisualStudioVersion = 10.0.40219.1
Project("{8BC9CEB8-8B4A-11D0-8D11-00A0C91BC942}") = "libimplFileBufferAdjust", "libimplFileBufferAdjust\libimplFileBufferAdjust.vcxproj", "{26C09355-6F76-4557-B241-229538D6E05A}"
EndProject
Project("{8BC9CEB8-8B4A-11D0-8D11-00A0C91BC942}") = "libimplFileUtils", "libimplFileUtils\libimplFileUtils.vcxproj", "{E768402B-6037-47F3-BD59-3E496BD8DD81}"
EndProject
Project("{8BC9CEB8-8B4A-11D0-8D11-00A0C91BC942}") = "libimplNqpMemoryMapIO", "libimplNqpMemoryMapIO\libimplNqpMemoryMapIO.vcxproj", "{0C364C73-A83B-4E82-929D-162CADD9BAA8}"
EndProject
Project("{8BC9CEB8-8B4A-11D0-8D11-00A0C91BC942}") = "libimplNqpQueueIO", "libimplNqpQueueIO\libimplNqpQueueIO.vcxproj", "{30D6A3C3-1754-4F47-B7EA-41883CD5236F}"
EndProject
Project("{8BC9CEB8-8B4A-11D0-8D11-00A0C91BC942}") = "libimplNqpWinBufferIO", "libimplNqpWinBufferIO\libimplNqpWinBufferIO.vcxproj", "{57264852-36FB-41FC-87D2-87A626BEDD73}"
EndProject
Project("{8BC9CEB8-8B4A-11D0-8D11-00A0C91BC942}") = "libimplNqpIteration", "libimplNqpIteration\libimplNqpIteration.vcxproj", "{83296A12-B7F0-4CDF-807F-3E30605EB7C0}"
EndProject
Project("{8BC9CEB8-8B4A-11D0-8D11-00A0C91BC942}") = "libimplNqpDimThreadcountConstraint", "libimplNqpDimThreadcountConstraint\libimplNqpDimThreadcountConstraint.vcxproj", "{3D6B31A7-ABFA-4E8B-8DA5-824FDA472B5F}"
EndProject
Project("{8BC9CEB8-8B4A-11D0-8D11-00A0C91BC942}") = "libimplNqp1t", "libimplNqp1t\libimplNqp1t.vcxproj", "{7DB8523D-A91D-4569-8E2E-A6CB0998B92C}"
EndProject
Project("{8BC9CEB8-8B4A-11D0-8D11-00A0C91BC942}") = "dllNqp1tMemoryMap", "dllNqp1tMemoryMap\dllNqp1tMemoryMap.vcxproj", "{32BB399B-D32D-4FCB-820F-973F5C6BB996}"
EndProject
Project("{8BC9CEB8-8B4A-11D0-8D11-00A0C91BC942}") = "libhdrWinapiConfig", "libhdrWinapiConfig\libhdrWinapiConfig.vcxproj", "{F32B802A-C814-4324-BB7A-BB2415D8A5E7}"
EndProject
Project("{8BC9CEB8-8B4A-11D0-8D11-00A0C91BC942}") = "libhdrNqpNullCheck", "libhdrNqpNullCheck\libhdrNqpNullCheck.vcxproj", "{B52E34BA-0018-4EEE-9A22-7CBB322C37ED}"
EndProject
Project("{8BC9CEB8-8B4A-11D0-8D11-00A0C91BC942}") = "libhdrNqpIO", "libhdrNqpIO\libhdrNqpIO.vcxproj", "{21EF2E4F-9EFA-49C2-80B2-1B5CCC10913F}"
EndProject
Project("{8BC9CEB8-8B4A-11D0-8D11-00A0C91BC942}") = "libhdrNqp1t", "libhdrNqp1t\libhdrNqp1t.vcxproj", "{FA931B48-E381-42FE-8E3B-44A980383FC6}"
EndProject
Project("{8BC9CEB8-8B4A-11D0-8D11-00A0C91BC942}") = "dllNqp1tWinBuffer", "dllNqp1tWinBuffer\dllNqp1tWinBuffer.vcxproj", "{D59EFDF8-C68D-4F96-B753-627D8EE0AC9B}"
EndProject
Project("{8BC9CEB8-8B4A-11D0-8D11-00A0C91BC942}") = "dllNqp1tQueue", "dllNqp1tQueue\dllNqp1tQueue.vcxproj", "{FF0D032F-FFF5-4663-966D-67F90F741583}"
EndProject
Project("{8BC9CEB8-8B4A-11D0-8D11-00A0C91BC942}") = "exeTestRunner", "exeTestRunner\exeTestRunner.vcxproj", "{909D407D-F77D-4C24-A026-A6614CA4F693}"
EndProject
Project("{8BC9CEB8-8B4A-11D0-8D11-00A0C91BC942}") = "libimplNqpTest", "libimplNqpTest\libimplNqpTest.vcxproj", "{7703B784-A365-4A27-83EE-BF65B8F6CCAE}"
EndProject
Project("{8BC9CEB8-8B4A-11D0-8D11-00A0C91BC942}") = "libimplNqpSolutionValidator", "libimplNqpSolutionValidator\libimplNqpSolutionValidator.vcxproj", "{9B34E24D-56F6-4DDA-87C7-1005A22622F0}"
EndProject
Project("{8BC9CEB8-8B4A-11D0-8D11-00A0C91BC942}") = "testNqp1tMemoryMap", "testNqp1tMemoryMap\testNqp1tMemoryMap.vcxproj", "{0584DCB6-3AF7-4C50-A352-DF7AE24B0442}"
EndProject
Project("{8BC9CEB8-8B4A-11D0-8D11-00A0C91BC942}") = "testNqp1tWinBuffer", "testNqp1tWinBuffer\testNqp1tWinBuffer.vcxproj", "{6FAC3B18-24F1-4A8A-824B-D78E790171D0}"
EndProject
Project("{8BC9CEB8-8B4A-11D0-8D11-00A0C91BC942}") = "testNqp1tQueue", "testNqp1tQueue\testNqp1tQueue.vcxproj", "{56091992-A559-45C3-818E-8C7788154347}"
EndProject
Project("{8BC9CEB8-8B4A-11D0-8D11-00A0C91BC942}") = "libhdrNqpMt", "libhdrNqpMt\libhdrNqpMt.vcxproj", "{3E3E9990-9932-41C2-936F-24B6D3AE12A1}"
EndProject
Project("{8BC9CEB8-8B4A-11D0-8D11-00A0C91BC942}") = "libimplNqpMtOpenMP", "libimplNqpMtOpenMP\libimplNqpMtOpenMP.vcxproj", "{0E610816-6713-4B8B-9976-54FFC77F62E4}"
EndProject
Project("{8BC9CEB8-8B4A-11D0-8D11-00A0C91BC942}") = "libimplNqpMtMemoryMap", "libimplNqpMtMemoryMap\libimplNqpMtMemoryMap.vcxproj", "{9DCB5E50-A739-4307-A72D-43CF9058EADE}"
EndProject
Project("{8BC9CEB8-8B4A-11D0-8D11-00A0C91BC942}") = "libimplNqpMtWinBuffer", "libimplNqpMtWinBuffer\libimplNqpMtWinBuffer.vcxproj", "{BAE06D4F-988C-4816-A3DC-11596B08B037}"
EndProject
Project("{8BC9CEB8-8B4A-11D0-8D11-00A0C91BC942}") = "libimplNqpMtQueue", "libimplNqpMtQueue\libimplNqpMtQueue.vcxproj", "{DDDA9C85-B414-4DF8-A02D-11BEA7EADB09}"
EndProject
Project("{8BC9CEB8-8B4A-11D0-8D11-00A0C91BC942}") = "dllNqpMtOpenMPMemoryMap", "dllNqpMtOpenMPMemoryMap\dllNqpMtOpenMPMemoryMap.vcxproj", "{A67BC8B3-C6E4-45A9-87A9-277747B7D62F}"
EndProject
Project("{8BC9CEB8-8B4A-11D0-8D11-00A0C91BC942}") = "dllNqpMtOpenMPWinBuffer", "dllNqpMtOpenMPWinBuffer\dllNqpMtOpenMPWinBuffer.vcxproj", "{A1E7613A-615F-494F-860F-EA4160C9E25D}"
EndProject
Project("{8BC9CEB8-8B4A-11D0-8D11-00A0C91BC942}") = "dllNqpMtOpenMPQueue", "dllNqpMtOpenMPQueue\dllNqpMtOpenMPQueue.vcxproj", "{0B9CFE19-547F-4BEB-93B3-DAD2DD70D4A5}"
EndProject
Project("{8BC9CEB8-8B4A-11D0-8D11-00A0C91BC942}") = "testNqpMtOpenMPMemoryMap", "testNqpMtOpenMPMemoryMap\testNqpMtOpenMPMemoryMap.vcxproj", "{CF94E698-545F-4D88-AA25-28D3DD2DD5F0}"
EndProject
Project("{8BC9CEB8-8B4A-11D0-8D11-00A0C91BC942}") = "testNqpMtOpenMPWinBuffer", "testNqpMtOpenMPWinBuffer\testNqpMtOpenMPWinBuffer.vcxproj", "{9CBD2CF4-CB36-4905-A7BA-06FD98EE3F74}"
EndProject
Project("{8BC9CEB8-8B4A-11D0-8D11-00A0C91BC942}") = "testNqpMtOpenMPQueue", "testNqpMtOpenMPQueue\testNqpMtOpenMPQueue.vcxproj", "{D90D7355-FD6D-439B-A347-D143426B73AB}"
EndProject
Project("{8BC9CEB8-8B4A-11D0-8D11-00A0C91BC942}") = "libimplNqpMtWin32", "libimplNqpMtWin32\libimplNqpMtWin32.vcxproj", "{968A39D3-495F-4F7A-9E2E-36111116255F}"
EndProject
Project("{8BC9CEB8-8B4A-11D0-8D11-00A0C91BC942}") = "dllNqpMtWin32MemoryMap", "dllNqpMtWin32MemoryMap\dllNqpMtWin32MemoryMap.vcxproj", "{629C3FF1-B2FD-44B4-BC05-275BADBF01F4}"
EndProject
Project("{8BC9CEB8-8B4A-11D0-8D11-00A0C91BC942}") = "testNqpMtWin32MemoryMap", "testNqpMtWin32MemoryMap\testNqpMtWin32MemoryMap.vcxproj", "{5E61DB6C-4E84-44B2-AE46-65EC5560770D}"
EndProject
Project("{8BC9CEB8-8B4A-11D0-8D11-00A0C91BC942}") = "dllNqpMtWin32WinBuffer", "dllNqpMtWin32WinBuffer\dllNqpMtWin32WinBuffer.vcxproj", "{F2524CCF-C619-42E1-BBF6-22B42341426D}"
EndProject
Project("{8BC9CEB8-8B4A-11D0-8D11-00A0C91BC942}") = "testNqpMtWin32WinBuffer", "testNqpMtWin32WinBuffer\testNqpMtWin32WinBuffer.vcxproj", "{642CA42A-4AF6-4B2B-A960-814E966B08D2}"
EndProject
Project("{8BC9CEB8-8B4A-11D0-8D11-00A0C91BC942}") = "dllNqpMtWin32Queue", "dllNqpMtWin32Queue\dllNqpMtWin32Queue.vcxproj", "{205A0C2D-D284-4931-84AE-0273C53D79AB}"
EndProject
Project("{8BC9CEB8-8B4A-11D0-8D11-00A0C91BC942}") = "testNqpMtWin32Queue", "testNqpMtWin32Queue\testNqpMtWin32Queue.vcxproj", "{FCC197FF-03F1-4CE6-8378-2FBF893C2C50}"
EndProject
Project("{8BC9CEB8-8B4A-11D0-8D11-00A0C91BC942}") = "libimplNqpMtWinThreadpool", "libimplNqpMtWinThreadpool\libimplNqpMtWinThreadpool.vcxproj", "{A24633D7-3775-470C-A723-B741AD305A36}"
EndProject
Project("{8BC9CEB8-8B4A-11D0-8D11-00A0C91BC942}") = "dllNqpMtWinThreadpoolMemoryMap", "dllNqpMtWinThreadpoolMemoryMap\dllNqpMtWinThreadpoolMemoryMap.vcxproj", "{6F40EE9F-7749-4ABA-8C88-C0C505DA0560}"
EndProject
Project("{8BC9CEB8-8B4A-11D0-8D11-00A0C91BC942}") = "dllNqpMtWinThreadpoolWinBuffer", "dllNqpMtWinThreadpoolWinBuffer\dllNqpMtWinThreadpoolWinBuffer.vcxproj", "{7912BE8A-4D29-40E5-8E13-D725690A8B07}"
EndProject
Project("{8BC9CEB8-8B4A-11D0-8D11-00A0C91BC942}") = "dllNqpMtWinThreadpoolQueue", "dllNqpMtWinThreadpoolQueue\dllNqpMtWinThreadpoolQueue.vcxproj", "{4FC937E4-CD54-4884-84DC-ECBFF2099450}"
EndProject
Project("{8BC9CEB8-8B4A-11D0-8D11-00A0C91BC942}") = "testNqpMtWinThreadpoolMemoryMap", "testNqpMtWinThreadpoolMemoryMap\testNqpMtWinThreadpoolMemoryMap.vcxproj", "{7BD2ABC0-D332-4A38-B2F5-BB63D2ECE0B6}"
EndProject
Project("{8BC9CEB8-8B4A-11D0-8D11-00A0C91BC942}") = "testNqpMtWinThreadpoolWinBuffer", "testNqpMtWinThreadpoolWinBuffer\testNqpMtWinThreadpoolWinBuffer.vcxproj", "{01A6B533-D6C0-4785-808F-DB25B07BC456}"
EndProject
Project("{8BC9CEB8-8B4A-11D0-8D11-00A0C91BC942}") = "testNqpMtWinThreadpoolQueue", "testNqpMtWinThreadpoolQueue\testNqpMtWinThreadpoolQueue.vcxproj", "{84E2F9FA-561B-4F5D-836C-C68FCA0D854C}"
EndProject
Project("{8BC9CEB8-8B4A-11D0-8D11-00A0C91BC942}") = "libimplNqpMtWinDummy", "libimplNqpMtWinDummy\libimplNqpMtWinDummy.vcxproj", "{D32D738A-7347-4685-AD9C-59029AE69E09}"
EndProject
Project("{8BC9CEB8-8B4A-11D0-8D11-00A0C91BC942}") = "dllNqpMtWinDummyMemoryMap", "dllNqpMtWinDummyMemoryMap\dllNqpMtWinDummyMemoryMap.vcxproj", "{DE45FBA8-976F-4739-8E32-E02E0FE2E438}"
EndProject
Project("{8BC9CEB8-8B4A-11D0-8D11-00A0C91BC942}") = "dllNqpMtWinDummyWinBuffer", "dllNqpMtWinDummyWinBuffer\dllNqpMtWinDummyWinBuffer.vcxproj", "{C9D5CC64-295A-43B8-9BDA-0E56EA873480}"
EndProject
Project("{8BC9CEB8-8B4A-11D0-8D11-00A0C91BC942}") = "dllNqpMtWinDummyQueue", "dllNqpMtWinDummyQueue\dllNqpMtWinDummyQueue.vcxproj", "{6FEBD73C-648A-4E79-9C26-74A892CEBCC4}"
EndProject
Project("{8BC9CEB8-8B4A-11D0-8D11-00A0C91BC942}") = "testNqpMtWinDummyMemoryMap", "testNqpMtWinDummyMemoryMap\testNqpMtWinDummyMemoryMap.vcxproj", "{03D8ED00-C562-40AF-97C5-5F2A76724F2E}"
EndProject
Project("{8BC9CEB8-8B4A-11D0-8D11-00A0C91BC942}") = "testNqpMtWinDummyWinBuffer", "testNqpMtWinDummyWinBuffer\testNqpMtWinDummyWinBuffer.vcxproj", "{26224F8D-571B-4144-BEC7-24B4ABB68EC4}"
EndProject
Project("{8BC9CEB8-8B4A-11D0-8D11-00A0C91BC942}") = "testNqpMtWinDummyQueue", "testNqpMtWinDummyQueue\testNqpMtWinDummyQueue.vcxproj", "{24B56C3B-C5CB-427D-A2AA-6D539A933254}"
EndProject
Project("{8BC9CEB8-8B4A-11D0-8D11-00A0C91BC942}") = "libimplNqpStdBufferIO", "libimplNqpStdBufferIO\libimplNqpStdBufferIO.vcxproj", "{07A2E98D-2A12-4F8D-AC21-02A918ED91E0}"
EndProject
Project("{8BC9CEB8-8B4A-11D0-8D11-00A0C91BC942}") = "dllNqp1tStdBuffer", "dllNqp1tStdBuffer\dllNqp1tStdBuffer.vcxproj", "{2CFF52A3-5601-432A-BEAF-3415275AAC64}"
EndProject
Project("{8BC9CEB8-8B4A-11D0-8D11-00A0C91BC942}") = "testNqp1tStdBuffer", "testNqp1tStdBuffer\testNqp1tStdBuffer.vcxproj", "{462EB0CB-E2EB-4DBF-AAF6-4F055278EDEE}"
EndProject
Project("{8BC9CEB8-8B4A-11D0-8D11-00A0C91BC942}") = "libimplNqpMtStdBuffer", "libimplNqpMtStdBuffer\libimplNqpMtStdBuffer.vcxproj", "{018632B2-E5E7-41FC-88A3-558AB18E5C35}"
EndProject
Project("{8BC9CEB8-8B4A-11D0-8D11-00A0C91BC942}") = "dllNqpMtOpenMPStdBuffer", "dllNqpMtOpenMPStdBuffer\dllNqpMtOpenMPStdBuffer.vcxproj", "{F667D015-AE2C-454A-86DA-4C6D2105348E}"
EndProject
Project("{8BC9CEB8-8B4A-11D0-8D11-00A0C91BC942}") = "dllNqpMtWin32StdBuffer", "dllNqpMtWin32StdBuffer\dllNqpMtWin32StdBuffer.vcxproj", "{2EA12F5C-0AE5-49F1-9BDE-30E82EB99DB8}"
EndProject
Project("{8BC9CEB8-8B4A-11D0-8D11-00A0C91BC942}") = "dllNqpMtWinDummyStdBuffer", "dllNqpMtWinDummyStdBuffer\dllNqpMtWinDummyStdBuffer.vcxproj", "{BBAA9962-7228-4934-BA17-71E7E8B47F13}"
EndProject
Project("{8BC9CEB8-8B4A-11D0-8D11-00A0C91BC942}") = "dllNqpMtWinThreadpoolStdBuffer", "dllNqpMtWinThreadpoolStdBuffer\dllNqpMtWinThreadpoolStdBuffer.vcxproj", "{8A0A6622-D468-477C-9D58-999E1B0CAE14}"
EndProject
Project("{8BC9CEB8-8B4A-11D0-8D11-00A0C91BC942}") = "testNqpMtOpenMPStdBuffer", "testNqpMtOpenMPStdBuffer\testNqpMtOpenMPStdBuffer.vcxproj", "{2816BBDF-7B5F-4114-A071-7857846B5E10}"
EndProject
Project("{8BC9CEB8-8B4A-11D0-8D11-00A0C91BC942}") = "testNqpMtWin32StdBuffer", "testNqpMtWin32StdBuffer\testNqpMtWin32StdBuffer.vcxproj", "{07F0C986-B0F1-4399-9D4B-D08BB48A7ED5}"
EndProject
Project("{8BC9CEB8-8B4A-11D0-8D11-00A0C91BC942}") = "testNqpMtWinDummyStdBuffer", "testNqpMtWinDummyStdBuffer\testNqpMtWinDummyStdBuffer.vcxproj", "{3A72E957-6E53-402E-9F67-A67206782412}"
EndProject
Project("{8BC9CEB8-8B4A-11D0-8D11-00A0C91BC942}") = "testNqpMtWinThreadpoolStdBuffer", "testNqpMtWinThreadpoolStdBuffer\testNqpMtWinThreadpoolStdBuffer.vcxproj", "{D5B1AD02-8093-47B8-BB10-E97DC8E2FE26}"
EndProject
Global
	GlobalSection(SolutionConfigurationPlatforms) = preSolution
		Debug|x64 = Debug|x64
		Debug|x86 = Debug|x86
		Release|x64 = Release|x64
		Release|x86 = Release|x86
	EndGlobalSection
	GlobalSection(ProjectConfigurationPlatforms) = postSolution
		{26C09355-6F76-4557-B241-229538D6E05A}.Debug|x64.ActiveCfg = Debug|x64
		{26C09355-6F76-4557-B241-229538D6E05A}.Debug|x64.Build.0 = Debug|x64
		{26C09355-6F76-4557-B241-229538D6E05A}.Debug|x86.ActiveCfg = Debug|Win32
		{26C09355-6F76-4557-B241-229538D6E05A}.Debug|x86.Build.0 = Debug|Win32
		{26C09355-6F76-4557-B241-229538D6E05A}.Release|x64.ActiveCfg = Release|x64
		{26C09355-6F76-4557-B241-229538D6E05A}.Release|x64.Build.0 = Release|x64
		{26C09355-6F76-4557-B241-229538D6E05A}.Release|x86.ActiveCfg = Release|Win32
		{26C09355-6F76-4557-B241-229538D6E05A}.Release|x86.Build.0 = Release|Win32
		{E768402B-6037-47F3-BD59-3E496BD8DD81}.Debug|x64.ActiveCfg = Debug|x64
		{E768402B-6037-47F3-BD59-3E496BD8DD81}.Debug|x64.Build.0 = Debug|x64
		{E768402B-6037-47F3-BD59-3E496BD8DD81}.Debug|x86.ActiveCfg = Debug|Win32
		{E768402B-6037-47F3-BD59-3E496BD8DD81}.Debug|x86.Build.0 = Debug|Win32
		{E768402B-6037-47F3-BD59-3E496BD8DD81}.Release|x64.ActiveCfg = Release|x64
		{E768402B-6037-47F3-BD59-3E496BD8DD81}.Release|x64.Build.0 = Release|x64
		{E768402B-6037-47F3-BD59-3E496BD8DD81}.Release|x86.ActiveCfg = Release|Win32
		{E768402B-6037-47F3-BD59-3E496BD8DD81}.Release|x86.Build.0 = Release|Win32
		{0C364C73-A83B-4E82-929D-162CADD9BAA8}.Debug|x64.ActiveCfg = Debug|x64
		{0C364C73-A83B-4E82-929D-162CADD9BAA8}.Debug|x64.Build.0 = Debug|x64
		{0C364C73-A83B-4E82-929D-162CADD9BAA8}.Debug|x86.ActiveCfg = Debug|Win32
		{0C364C73-A83B-4E82-929D-162CADD9BAA8}.Debug|x86.Build.0 = Debug|Win32
		{0C364C73-A83B-4E82-929D-162CADD9BAA8}.Release|x64.ActiveCfg = Release|x64
		{0C364C73-A83B-4E82-929D-162CADD9BAA8}.Release|x64.Build.0 = Release|x64
		{0C364C73-A83B-4E82-929D-162CADD9BAA8}.Release|x86.ActiveCfg = Release|Win32
		{0C364C73-A83B-4E82-929D-162CADD9BAA8}.Release|x86.Build.0 = Release|Win32
		{30D6A3C3-1754-4F47-B7EA-41883CD5236F}.Debug|x64.ActiveCfg = Debug|x64
		{30D6A3C3-1754-4F47-B7EA-41883CD5236F}.Debug|x64.Build.0 = Debug|x64
		{30D6A3C3-1754-4F47-B7EA-41883CD5236F}.Debug|x86.ActiveCfg = Debug|Win32
		{30D6A3C3-1754-4F47-B7EA-41883CD5236F}.Debug|x86.Build.0 = Debug|Win32
		{30D6A3C3-1754-4F47-B7EA-41883CD5236F}.Release|x64.ActiveCfg = Release|x64
		{30D6A3C3-1754-4F47-B7EA-41883CD5236F}.Release|x64.Build.0 = Release|x64
		{30D6A3C3-1754-4F47-B7EA-41883CD5236F}.Release|x86.ActiveCfg = Release|Win32
		{30D6A3C3-1754-4F47-B7EA-41883CD5236F}.Release|x86.Build.0 = Release|Win32
		{57264852-36FB-41FC-87D2-87A626BEDD73}.Debug|x64.ActiveCfg = Debug|x64
		{57264852-36FB-41FC-87D2-87A626BEDD73}.Debug|x64.Build.0 = Debug|x64
		{57264852-36FB-41FC-87D2-87A626BEDD73}.Debug|x86.ActiveCfg = Debug|Win32
		{57264852-36FB-41FC-87D2-87A626BEDD73}.Debug|x86.Build.0 = Debug|Win32
		{57264852-36FB-41FC-87D2-87A626BEDD73}.Release|x64.ActiveCfg = Release|x64
		{57264852-36FB-41FC-87D2-87A626BEDD73}.Release|x64.Build.0 = Release|x64
		{57264852-36FB-41FC-87D2-87A626BEDD73}.Release|x86.ActiveCfg = Release|Win32
		{57264852-36FB-41FC-87D2-87A626BEDD73}.Release|x86.Build.0 = Release|Win32
		{83296A12-B7F0-4CDF-807F-3E30605EB7C0}.Debug|x64.ActiveCfg = Debug|x64
		{83296A12-B7F0-4CDF-807F-3E30605EB7C0}.Debug|x64.Build.0 = Debug|x64
		{83296A12-B7F0-4CDF-807F-3E30605EB7C0}.Debug|x86.ActiveCfg = Debug|Win32
		{83296A12-B7F0-4CDF-807F-3E30605EB7C0}.Debug|x86.Build.0 = Debug|Win32
		{83296A12-B7F0-4CDF-807F-3E30605EB7C0}.Release|x64.ActiveCfg = Release|x64
		{83296A12-B7F0-4CDF-807F-3E30605EB7C0}.Release|x64.Build.0 = Release|x64
		{83296A12-B7F0-4CDF-807F-3E30605EB7C0}.Release|x86.ActiveCfg = Release|Win32
		{83296A12-B7F0-4CDF-807F-3E30605EB7C0}.Release|x86.Build.0 = Release|Win32
		{3D6B31A7-ABFA-4E8B-8DA5-824FDA472B5F}.Debug|x64.ActiveCfg = Debug|x64
		{3D6B31A7-ABFA-4E8B-8DA5-824FDA472B5F}.Debug|x64.Build.0 = Debug|x64
		{3D6B31A7-ABFA-4E8B-8DA5-824FDA472B5F}.Debug|x86.ActiveCfg = Debug|Win32
		{3D6B31A7-ABFA-4E8B-8DA5-824FDA472B5F}.Debug|x86.Build.0 = Debug|Win32
		{3D6B31A7-ABFA-4E8B-8DA5-824FDA472B5F}.Release|x64.ActiveCfg = Release|x64
		{3D6B31A7-ABFA-4E8B-8DA5-824FDA472B5F}.Release|x64.Build.0 = Release|x64
		{3D6B31A7-ABFA-4E8B-8DA5-824FDA472B5F}.Release|x86.ActiveCfg = Release|Win32
		{3D6B31A7-ABFA-4E8B-8DA5-824FDA472B5F}.Release|x86.Build.0 = Release|Win32
		{7DB8523D-A91D-4569-8E2E-A6CB0998B92C}.Debug|x64.ActiveCfg = Debug|x64
		{7DB8523D-A91D-4569-8E2E-A6CB0998B92C}.Debug|x64.Build.0 = Debug|x64
		{7DB8523D-A91D-4569-8E2E-A6CB0998B92C}.Debug|x86.ActiveCfg = Debug|Win32
		{7DB8523D-A91D-4569-8E2E-A6CB0998B92C}.Debug|x86.Build.0 = Debug|Win32
		{7DB8523D-A91D-4569-8E2E-A6CB0998B92C}.Release|x64.ActiveCfg = Release|x64
		{7DB8523D-A91D-4569-8E2E-A6CB0998B92C}.Release|x64.Build.0 = Release|x64
		{7DB8523D-A91D-4569-8E2E-A6CB0998B92C}.Release|x86.ActiveCfg = Release|Win32
		{7DB8523D-A91D-4569-8E2E-A6CB0998B92C}.Release|x86.Build.0 = Release|Win32
		{32BB399B-D32D-4FCB-820F-973F5C6BB996}.Debug|x64.ActiveCfg = Debug|x64
		{32BB399B-D32D-4FCB-820F-973F5C6BB996}.Debug|x64.Build.0 = Debug|x64
		{32BB399B-D32D-4FCB-820F-973F5C6BB996}.Debug|x86.ActiveCfg = Debug|Win32
		{32BB399B-D32D-4FCB-820F-973F5C6BB996}.Debug|x86.Build.0 = Debug|Win32
		{32BB399B-D32D-4FCB-820F-973F5C6BB996}.Release|x64.ActiveCfg = Release|x64
		{32BB399B-D32D-4FCB-820F-973F5C6BB996}.Release|x64.Build.0 = Release|x64
		{32BB399B-D32D-4FCB-820F-973F5C6BB996}.Release|x86.ActiveCfg = Release|Win32
		{32BB399B-D32D-4FCB-820F-973F5C6BB996}.Release|x86.Build.0 = Release|Win32
		{F32B802A-C814-4324-BB7A-BB2415D8A5E7}.Debug|x64.ActiveCfg = Debug|x64
		{F32B802A-C814-4324-BB7A-BB2415D8A5E7}.Debug|x64.Build.0 = Debug|x64
		{F32B802A-C814-4324-BB7A-BB2415D8A5E7}.Debug|x86.ActiveCfg = Debug|Win32
		{F32B802A-C814-4324-BB7A-BB2415D8A5E7}.Debug|x86.Build.0 = Debug|Win32
		{F32B802A-C814-4324-BB7A-BB2415D8A5E7}.Release|x64.ActiveCfg = Release|x64
		{F32B802A-C814-4324-BB7A-BB2415D8A5E7}.Release|x64.Build.0 = Release|x64
		{F32B802A-C814-4324-BB7A-BB2415D8A5E7}.Release|x86.ActiveCfg = Release|Win32
		{F32B802A-C814-4324-BB7A-BB2415D8A5E7}.Release|x86.Build.0 = Release|Win32
		{B52E34BA-0018-4EEE-9A22-7CBB322C37ED}.Debug|x64.ActiveCfg = Debug|x64
		{B52E34BA-0018-4EEE-9A22-7CBB322C37ED}.Debug|x64.Build.0 = Debug|x64
		{B52E34BA-0018-4EEE-9A22-7CBB322C37ED}.Debug|x86.ActiveCfg = Debug|Win32
		{B52E34BA-0018-4EEE-9A22-7CBB322C37ED}.Debug|x86.Build.0 = Debug|Win32
		{B52E34BA-0018-4EEE-9A22-7CBB322C37ED}.Release|x64.ActiveCfg = Release|x64
		{B52E34BA-0018-4EEE-9A22-7CBB322C37ED}.Release|x64.Build.0 = Release|x64
		{B52E34BA-0018-4EEE-9A22-7CBB322C37ED}.Release|x86.ActiveCfg = Release|Win32
		{B52E34BA-0018-4EEE-9A22-7CBB322C37ED}.Release|x86.Build.0 = Release|Win32
		{21EF2E4F-9EFA-49C2-80B2-1B5CCC10913F}.Debug|x64.ActiveCfg = Debug|x64
		{21EF2E4F-9EFA-49C2-80B2-1B5CCC10913F}.Debug|x64.Build.0 = Debug|x64
		{21EF2E4F-9EFA-49C2-80B2-1B5CCC10913F}.Debug|x86.ActiveCfg = Debug|Win32
		{21EF2E4F-9EFA-49C2-80B2-1B5CCC10913F}.Debug|x86.Build.0 = Debug|Win32
		{21EF2E4F-9EFA-49C2-80B2-1B5CCC10913F}.Release|x64.ActiveCfg = Release|x64
		{21EF2E4F-9EFA-49C2-80B2-1B5CCC10913F}.Release|x64.Build.0 = Release|x64
		{21EF2E4F-9EFA-49C2-80B2-1B5CCC10913F}.Release|x86.ActiveCfg = Release|Win32
		{21EF2E4F-9EFA-49C2-80B2-1B5CCC10913F}.Release|x86.Build.0 = Release|Win32
		{FA931B48-E381-42FE-8E3B-44A980383FC6}.Debug|x64.ActiveCfg = Debug|x64
		{FA931B48-E381-42FE-8E3B-44A980383FC6}.Debug|x64.Build.0 = Debug|x64
		{FA931B48-E381-42FE-8E3B-44A980383FC6}.Debug|x86.ActiveCfg = Debug|Win32
		{FA931B48-E381-42FE-8E3B-44A980383FC6}.Debug|x86.Build.0 = Debug|Win32
		{FA931B48-E381-42FE-8E3B-44A980383FC6}.Release|x64.ActiveCfg = Release|x64
		{FA931B48-E381-42FE-8E3B-44A980383FC6}.Release|x64.Build.0 = Release|x64
		{FA931B48-E381-42FE-8E3B-44A980383FC6}.Release|x86.ActiveCfg = Release|Win32
		{FA931B48-E381-42FE-8E3B-44A980383FC6}.Release|x86.Build.0 = Release|Win32
		{D59EFDF8-C68D-4F96-B753-627D8EE0AC9B}.Debug|x64.ActiveCfg = Debug|x64
		{D59EFDF8-C68D-4F96-B753-627D8EE0AC9B}.Debug|x64.Build.0 = Debug|x64
		{D59EFDF8-C68D-4F96-B753-627D8EE0AC9B}.Debug|x86.ActiveCfg = Debug|Win32
		{D59EFDF8-C68D-4F96-B753-627D8EE0AC9B}.Debug|x86.Build.0 = Debug|Win32
		{D59EFDF8-C68D-4F96-B753-627D8EE0AC9B}.Release|x64.ActiveCfg = Release|x64
		{D59EFDF8-C68D-4F96-B753-627D8EE0AC9B}.Release|x64.Build.0 = Release|x64
		{D59EFDF8-C68D-4F96-B753-627D8EE0AC9B}.Release|x86.ActiveCfg = Release|Win32
		{D59EFDF8-C68D-4F96-B753-627D8EE0AC9B}.Release|x86.Build.0 = Release|Win32
		{FF0D032F-FFF5-4663-966D-67F90F741583}.Debug|x64.ActiveCfg = Debug|x64
		{FF0D032F-FFF5-4663-966D-67F90F741583}.Debug|x64.Build.0 = Debug|x64
		{FF0D032F-FFF5-4663-966D-67F90F741583}.Debug|x86.ActiveCfg = Debug|Win32
		{FF0D032F-FFF5-4663-966D-67F90F741583}.Debug|x86.Build.0 = Debug|Win32
		{FF0D032F-FFF5-4663-966D-67F90F741583}.Release|x64.ActiveCfg = Release|x64
		{FF0D032F-FFF5-4663-966D-67F90F741583}.Release|x64.Build.0 = Release|x64
		{FF0D032F-FFF5-4663-966D-67F90F741583}.Release|x86.ActiveCfg = Release|Win32
		{FF0D032F-FFF5-4663-966D-67F90F741583}.Release|x86.Build.0 = Release|Win32
		{909D407D-F77D-4C24-A026-A6614CA4F693}.Debug|x64.ActiveCfg = Debug|x64
		{909D407D-F77D-4C24-A026-A6614CA4F693}.Debug|x64.Build.0 = Debug|x64
		{909D407D-F77D-4C24-A026-A6614CA4F693}.Debug|x86.ActiveCfg = Debug|Win32
		{909D407D-F77D-4C24-A026-A6614CA4F693}.Debug|x86.Build.0 = Debug|Win32
		{909D407D-F77D-4C24-A026-A6614CA4F693}.Release|x64.ActiveCfg = Release|x64
		{909D407D-F77D-4C24-A026-A6614CA4F693}.Release|x64.Build.0 = Release|x64
		{909D407D-F77D-4C24-A026-A6614CA4F693}.Release|x86.ActiveCfg = Release|Win32
		{909D407D-F77D-4C24-A026-A6614CA4F693}.Release|x86.Build.0 = Release|Win32
		{7703B784-A365-4A27-83EE-BF65B8F6CCAE}.Debug|x64.ActiveCfg = Debug|x64
		{7703B784-A365-4A27-83EE-BF65B8F6CCAE}.Debug|x64.Build.0 = Debug|x64
		{7703B784-A365-4A27-83EE-BF65B8F6CCAE}.Debug|x86.ActiveCfg = Debug|Win32
		{7703B784-A365-4A27-83EE-BF65B8F6CCAE}.Debug|x86.Build.0 = Debug|Win32
		{7703B784-A365-4A27-83EE-BF65B8F6CCAE}.Release|x64.ActiveCfg = Release|x64
		{7703B784-A365-4A27-83EE-BF65B8F6CCAE}.Release|x64.Build.0 = Release|x64
		{7703B784-A365-4A27-83EE-BF65B8F6CCAE}.Release|x86.ActiveCfg = Release|Win32
		{7703B784-A365-4A27-83EE-BF65B8F6CCAE}.Release|x86.Build.0 = Release|Win32
		{9B34E24D-56F6-4DDA-87C7-1005A22622F0}.Debug|x64.ActiveCfg = Debug|x64
		{9B34E24D-56F6-4DDA-87C7-1005A22622F0}.Debug|x64.Build.0 = Debug|x64
		{9B34E24D-56F6-4DDA-87C7-1005A22622F0}.Debug|x86.ActiveCfg = Debug|Win32
		{9B34E24D-56F6-4DDA-87C7-1005A22622F0}.Debug|x86.Build.0 = Debug|Win32
		{9B34E24D-56F6-4DDA-87C7-1005A22622F0}.Release|x64.ActiveCfg = Release|x64
		{9B34E24D-56F6-4DDA-87C7-1005A22622F0}.Release|x64.Build.0 = Release|x64
		{9B34E24D-56F6-4DDA-87C7-1005A22622F0}.Release|x86.ActiveCfg = Release|Win32
		{9B34E24D-56F6-4DDA-87C7-1005A22622F0}.Release|x86.Build.0 = Release|Win32
		{0584DCB6-3AF7-4C50-A352-DF7AE24B0442}.Debug|x64.ActiveCfg = Debug|x64
		{0584DCB6-3AF7-4C50-A352-DF7AE24B0442}.Debug|x64.Build.0 = Debug|x64
		{0584DCB6-3AF7-4C50-A352-DF7AE24B0442}.Debug|x86.ActiveCfg = Debug|Win32
		{0584DCB6-3AF7-4C50-A352-DF7AE24B0442}.Debug|x86.Build.0 = Debug|Win32
		{0584DCB6-3AF7-4C50-A352-DF7AE24B0442}.Release|x64.ActiveCfg = Release|x64
		{0584DCB6-3AF7-4C50-A352-DF7AE24B0442}.Release|x64.Build.0 = Release|x64
		{0584DCB6-3AF7-4C50-A352-DF7AE24B0442}.Release|x86.ActiveCfg = Release|Win32
		{0584DCB6-3AF7-4C50-A352-DF7AE24B0442}.Release|x86.Build.0 = Release|Win32
		{6FAC3B18-24F1-4A8A-824B-D78E790171D0}.Debug|x64.ActiveCfg = Debug|x64
		{6FAC3B18-24F1-4A8A-824B-D78E790171D0}.Debug|x64.Build.0 = Debug|x64
		{6FAC3B18-24F1-4A8A-824B-D78E790171D0}.Debug|x86.ActiveCfg = Debug|Win32
		{6FAC3B18-24F1-4A8A-824B-D78E790171D0}.Debug|x86.Build.0 = Debug|Win32
		{6FAC3B18-24F1-4A8A-824B-D78E790171D0}.Release|x64.ActiveCfg = Release|x64
		{6FAC3B18-24F1-4A8A-824B-D78E790171D0}.Release|x64.Build.0 = Release|x64
		{6FAC3B18-24F1-4A8A-824B-D78E790171D0}.Release|x86.ActiveCfg = Release|Win32
		{6FAC3B18-24F1-4A8A-824B-D78E790171D0}.Release|x86.Build.0 = Release|Win32
		{56091992-A559-45C3-818E-8C7788154347}.Debug|x64.ActiveCfg = Debug|x64
		{56091992-A559-45C3-818E-8C7788154347}.Debug|x64.Build.0 = Debug|x64
		{56091992-A559-45C3-818E-8C7788154347}.Debug|x86.ActiveCfg = Debug|Win32
		{56091992-A559-45C3-818E-8C7788154347}.Debug|x86.Build.0 = Debug|Win32
		{56091992-A559-45C3-818E-8C7788154347}.Release|x64.ActiveCfg = Release|x64
		{56091992-A559-45C3-818E-8C7788154347}.Release|x64.Build.0 = Release|x64
		{56091992-A559-45C3-818E-8C7788154347}.Release|x86.ActiveCfg = Release|Win32
		{56091992-A559-45C3-818E-8C7788154347}.Release|x86.Build.0 = Release|Win32
		{3E3E9990-9932-41C2-936F-24B6D3AE12A1}.Debug|x64.ActiveCfg = Debug|x64
		{3E3E9990-9932-41C2-936F-24B6D3AE12A1}.Debug|x64.Build.0 = Debug|x64
		{3E3E9990-9932-41C2-936F-24B6D3AE12A1}.Debug|x86.ActiveCfg = Debug|Win32
		{3E3E9990-9932-41C2-936F-24B6D3AE12A1}.Debug|x86.Build.0 = Debug|Win32
		{3E3E9990-9932-41C2-936F-24B6D3AE12A1}.Release|x64.ActiveCfg = Release|x64
		{3E3E9990-9932-41C2-936F-24B6D3AE12A1}.Release|x64.Build.0 = Release|x64
		{3E3E9990-9932-41C2-936F-24B6D3AE12A1}.Release|x86.ActiveCfg = Release|Win32
		{3E3E9990-9932-41C2-936F-24B6D3AE12A1}.Release|x86.Build.0 = Release|Win32
		{0E610816-6713-4B8B-9976-54FFC77F62E4}.Debug|x64.ActiveCfg = Debug|x64
		{0E610816-6713-4B8B-9976-54FFC77F62E4}.Debug|x64.Build.0 = Debug|x64
		{0E610816-6713-4B8B-9976-54FFC77F62E4}.Debug|x86.ActiveCfg = Debug|Win32
		{0E610816-6713-4B8B-9976-54FFC77F62E4}.Debug|x86.Build.0 = Debug|Win32
		{0E610816-6713-4B8B-9976-54FFC77F62E4}.Release|x64.ActiveCfg = Release|x64
		{0E610816-6713-4B8B-9976-54FFC77F62E4}.Release|x64.Build.0 = Release|x64
		{0E610816-6713-4B8B-9976-54FFC77F62E4}.Release|x86.ActiveCfg = Release|Win32
		{0E610816-6713-4B8B-9976-54FFC77F62E4}.Release|x86.Build.0 = Release|Win32
		{9DCB5E50-A739-4307-A72D-43CF9058EADE}.Debug|x64.ActiveCfg = Debug|x64
		{9DCB5E50-A739-4307-A72D-43CF9058EADE}.Debug|x64.Build.0 = Debug|x64
		{9DCB5E50-A739-4307-A72D-43CF9058EADE}.Debug|x86.ActiveCfg = Debug|Win32
		{9DCB5E50-A739-4307-A72D-43CF9058EADE}.Debug|x86.Build.0 = Debug|Win32
		{9DCB5E50-A739-4307-A72D-43CF9058EADE}.Release|x64.ActiveCfg = Release|x64
		{9DCB5E50-A739-4307-A72D-43CF9058EADE}.Release|x64.Build.0 = Release|x64
		{9DCB5E50-A739-4307-A72D-43CF9058EADE}.Release|x86.ActiveCfg = Release|Win32
		{9DCB5E50-A739-4307-A72D-43CF9058EADE}.Release|x86.Build.0 = Release|Win32
		{BAE06D4F-988C-4816-A3DC-11596B08B037}.Debug|x64.ActiveCfg = Debug|x64
		{BAE06D4F-988C-4816-A3DC-11596B08B037}.Debug|x64.Build.0 = Debug|x64
		{BAE06D4F-988C-4816-A3DC-11596B08B037}.Debug|x86.ActiveCfg = Debug|Win32
		{BAE06D4F-988C-4816-A3DC-11596B08B037}.Debug|x86.Build.0 = Debug|Win32
		{BAE06D4F-988C-4816-A3DC-11596B08B037}.Release|x64.ActiveCfg = Release|x64
		{BAE06D4F-988C-4816-A3DC-11596B08B037}.Release|x64.Build.0 = Release|x64
		{BAE06D4F-988C-4816-A3DC-11596B08B037}.Release|x86.ActiveCfg = Release|Win32
		{BAE06D4F-988C-4816-A3DC-11596B08B037}.Release|x86.Build.0 = Release|Win32
		{DDDA9C85-B414-4DF8-A02D-11BEA7EADB09}.Debug|x64.ActiveCfg = Debug|x64
		{DDDA9C85-B414-4DF8-A02D-11BEA7EADB09}.Debug|x64.Build.0 = Debug|x64
		{DDDA9C85-B414-4DF8-A02D-11BEA7EADB09}.Debug|x86.ActiveCfg = Debug|Win32
		{DDDA9C85-B414-4DF8-A02D-11BEA7EADB09}.Debug|x86.Build.0 = Debug|Win32
		{DDDA9C85-B414-4DF8-A02D-11BEA7EADB09}.Release|x64.ActiveCfg = Release|x64
		{DDDA9C85-B414-4DF8-A02D-11BEA7EADB09}.Release|x64.Build.0 = Release|x64
		{DDDA9C85-B414-4DF8-A02D-11BEA7EADB09}.Release|x86.ActiveCfg = Release|Win32
		{DDDA9C85-B414-4DF8-A02D-11BEA7EADB09}.Release|x86.Build.0 = Release|Win32
		{A67BC8B3-C6E4-45A9-87A9-277747B7D62F}.Debug|x64.ActiveCfg = Debug|x64
		{A67BC8B3-C6E4-45A9-87A9-277747B7D62F}.Debug|x64.Build.0 = Debug|x64
		{A67BC8B3-C6E4-45A9-87A9-277747B7D62F}.Debug|x86.ActiveCfg = Debug|Win32
		{A67BC8B3-C6E4-45A9-87A9-277747B7D62F}.Debug|x86.Build.0 = Debug|Win32
		{A67BC8B3-C6E4-45A9-87A9-277747B7D62F}.Release|x64.ActiveCfg = Release|x64
		{A67BC8B3-C6E4-45A9-87A9-277747B7D62F}.Release|x64.Build.0 = Release|x64
		{A67BC8B3-C6E4-45A9-87A9-277747B7D62F}.Release|x86.ActiveCfg = Release|Win32
		{A67BC8B3-C6E4-45A9-87A9-277747B7D62F}.Release|x86.Build.0 = Release|Win32
		{A1E7613A-615F-494F-860F-EA4160C9E25D}.Debug|x64.ActiveCfg = Debug|x64
		{A1E7613A-615F-494F-860F-EA4160C9E25D}.Debug|x64.Build.0 = Debug|x64
		{A1E7613A-615F-494F-860F-EA4160C9E25D}.Debug|x86.ActiveCfg = Debug|Win32
		{A1E7613A-615F-494F-860F-EA4160C9E25D}.Debug|x86.Build.0 = Debug|Win32
		{A1E7613A-615F-494F-860F-EA4160C9E25D}.Release|x64.ActiveCfg = Release|x64
		{A1E7613A-615F-494F-860F-EA4160C9E25D}.Release|x64.Build.0 = Release|x64
		{A1E7613A-615F-494F-860F-EA4160C9E25D}.Release|x86.ActiveCfg = Release|Win32
		{A1E7613A-615F-494F-860F-EA4160C9E25D}.Release|x86.Build.0 = Release|Win32
		{0B9CFE19-547F-4BEB-93B3-DAD2DD70D4A5}.Debug|x64.ActiveCfg = Debug|x64
		{0B9CFE19-547F-4BEB-93B3-DAD2DD70D4A5}.Debug|x64.Build.0 = Debug|x64
		{0B9CFE19-547F-4BEB-93B3-DAD2DD70D4A5}.Debug|x86.ActiveCfg = Debug|Win32
		{0B9CFE19-547F-4BEB-93B3-DAD2DD70D4A5}.Debug|x86.Build.0 = Debug|Win32
		{0B9CFE19-547F-4BEB-93B3-DAD2DD70D4A5}.Release|x64.ActiveCfg = Release|x64
		{0B9CFE19-547F-4BEB-93B3-DAD2DD70D4A5}.Release|x64.Build.0 = Release|x64
		{0B9CFE19-547F-4BEB-93B3-DAD2DD70D4A5}.Release|x86.ActiveCfg = Release|Win32
		{0B9CFE19-547F-4BEB-93B3-DAD2DD70D4A5}.Release|x86.Build.0 = Release|Win32
		{CF94E698-545F-4D88-AA25-28D3DD2DD5F0}.Debug|x64.ActiveCfg = Debug|x64
		{CF94E698-545F-4D88-AA25-28D3DD2DD5F0}.Debug|x64.Build.0 = Debug|x64
		{CF94E698-545F-4D88-AA25-28D3DD2DD5F0}.Debug|x86.ActiveCfg = Debug|Win32
		{CF94E698-545F-4D88-AA25-28D3DD2DD5F0}.Debug|x86.Build.0 = Debug|Win32
		{CF94E698-545F-4D88-AA25-28D3DD2DD5F0}.Release|x64.ActiveCfg = Release|x64
		{CF94E698-545F-4D88-AA25-28D3DD2DD5F0}.Release|x64.Build.0 = Release|x64
		{CF94E698-545F-4D88-AA25-28D3DD2DD5F0}.Release|x86.ActiveCfg = Release|Win32
		{CF94E698-545F-4D88-AA25-28D3DD2DD5F0}.Release|x86.Build.0 = Release|Win32
		{9CBD2CF4-CB36-4905-A7BA-06FD98EE3F74}.Debug|x64.ActiveCfg = Debug|x64
		{9CBD2CF4-CB36-4905-A7BA-06FD98EE3F74}.Debug|x64.Build.0 = Debug|x64
		{9CBD2CF4-CB36-4905-A7BA-06FD98EE3F74}.Debug|x86.ActiveCfg = Debug|Win32
		{9CBD2CF4-CB36-4905-A7BA-06FD98EE3F74}.Debug|x86.Build.0 = Debug|Win32
		{9CBD2CF4-CB36-4905-A7BA-06FD98EE3F74}.Release|x64.ActiveCfg = Release|x64
		{9CBD2CF4-CB36-4905-A7BA-06FD98EE3F74}.Release|x64.Build.0 = Release|x64
		{9CBD2CF4-CB36-4905-A7BA-06FD98EE3F74}.Release|x86.ActiveCfg = Release|Win32
		{9CBD2CF4-CB36-4905-A7BA-06FD98EE3F74}.Release|x86.Build.0 = Release|Win32
		{D90D7355-FD6D-439B-A347-D143426B73AB}.Debug|x64.ActiveCfg = Debug|x64
		{D90D7355-FD6D-439B-A347-D143426B73AB}.Debug|x64.Build.0 = Debug|x64
		{D90D7355-FD6D-439B-A347-D143426B73AB}.Debug|x86.ActiveCfg = Debug|Win32
		{D90D7355-FD6D-439B-A347-D143426B73AB}.Debug|x86.Build.0 = Debug|Win32
		{D90D7355-FD6D-439B-A347-D143426B73AB}.Release|x64.ActiveCfg = Release|x64
		{D90D7355-FD6D-439B-A347-D143426B73AB}.Release|x64.Build.0 = Release|x64
		{D90D7355-FD6D-439B-A347-D143426B73AB}.Release|x86.ActiveCfg = Release|Win32
		{D90D7355-FD6D-439B-A347-D143426B73AB}.Release|x86.Build.0 = Release|Win32
		{968A39D3-495F-4F7A-9E2E-36111116255F}.Debug|x64.ActiveCfg = Debug|x64
		{968A39D3-495F-4F7A-9E2E-36111116255F}.Debug|x64.Build.0 = Debug|x64
		{968A39D3-495F-4F7A-9E2E-36111116255F}.Debug|x86.ActiveCfg = Debug|Win32
		{968A39D3-495F-4F7A-9E2E-36111116255F}.Debug|x86.Build.0 = Debug|Win32
		{968A39D3-495F-4F7A-9E2E-36111116255F}.Release|x64.ActiveCfg = Release|x64
		{968A39D3-495F-4F7A-9E2E-36111116255F}.Release|x64.Build.0 = Release|x64
		{968A39D3-495F-4F7A-9E2E-36111116255F}.Release|x86.ActiveCfg = Release|Win32
		{968A39D3-495F-4F7A-9E2E-36111116255F}.Release|x86.Build.0 = Release|Win32
		{629C3FF1-B2FD-44B4-BC05-275BADBF01F4}.Debug|x64.ActiveCfg = Debug|x64
		{629C3FF1-B2FD-44B4-BC05-275BADBF01F4}.Debug|x64.Build.0 = Debug|x64
		{629C3FF1-B2FD-44B4-BC05-275BADBF01F4}.Debug|x86.ActiveCfg = Debug|Win32
		{629C3FF1-B2FD-44B4-BC05-275BADBF01F4}.Debug|x86.Build.0 = Debug|Win32
		{629C3FF1-B2FD-44B4-BC05-275BADBF01F4}.Release|x64.ActiveCfg = Release|x64
		{629C3FF1-B2FD-44B4-BC05-275BADBF01F4}.Release|x64.Build.0 = Release|x64
		{629C3FF1-B2FD-44B4-BC05-275BADBF01F4}.Release|x86.ActiveCfg = Release|Win32
		{629C3FF1-B2FD-44B4-BC05-275BADBF01F4}.Release|x86.Build.0 = Release|Win32
		{5E61DB6C-4E84-44B2-AE46-65EC5560770D}.Debug|x64.ActiveCfg = Debug|x64
		{5E61DB6C-4E84-44B2-AE46-65EC5560770D}.Debug|x64.Build.0 = Debug|x64
		{5E61DB6C-4E84-44B2-AE46-65EC5560770D}.Debug|x86.ActiveCfg = Debug|Win32
		{5E61DB6C-4E84-44B2-AE46-65EC5560770D}.Debug|x86.Build.0 = Debug|Win32
		{5E61DB6C-4E84-44B2-AE46-65EC5560770D}.Release|x64.ActiveCfg = Release|x64
		{5E61DB6C-4E84-44B2-AE46-65EC5560770D}.Release|x64.Build.0 = Release|x64
		{5E61DB6C-4E84-44B2-AE46-65EC5560770D}.Release|x86.ActiveCfg = Release|Win32
		{5E61DB6C-4E84-44B2-AE46-65EC5560770D}.Release|x86.Build.0 = Release|Win32
		{F2524CCF-C619-42E1-BBF6-22B42341426D}.Debug|x64.ActiveCfg = Debug|x64
		{F2524CCF-C619-42E1-BBF6-22B42341426D}.Debug|x64.Build.0 = Debug|x64
		{F2524CCF-C619-42E1-BBF6-22B42341426D}.Debug|x86.ActiveCfg = Debug|Win32
		{F2524CCF-C619-42E1-BBF6-22B42341426D}.Debug|x86.Build.0 = Debug|Win32
		{F2524CCF-C619-42E1-BBF6-22B42341426D}.Release|x64.ActiveCfg = Release|x64
		{F2524CCF-C619-42E1-BBF6-22B42341426D}.Release|x64.Build.0 = Release|x64
		{F2524CCF-C619-42E1-BBF6-22B42341426D}.Release|x86.ActiveCfg = Release|Win32
		{F2524CCF-C619-42E1-BBF6-22B42341426D}.Release|x86.Build.0 = Release|Win32
		{642CA42A-4AF6-4B2B-A960-814E966B08D2}.Debug|x64.ActiveCfg = Debug|x64
		{642CA42A-4AF6-4B2B-A960-814E966B08D2}.Debug|x64.Build.0 = Debug|x64
		{642CA42A-4AF6-4B2B-A960-814E966B08D2}.Debug|x86.ActiveCfg = Debug|Win32
		{642CA42A-4AF6-4B2B-A960-814E966B08D2}.Debug|x86.Build.0 = Debug|Win32
		{642CA42A-4AF6-4B2B-A960-814E966B08D2}.Release|x64.ActiveCfg = Release|x64
		{642CA42A-4AF6-4B2B-A960-814E966B08D2}.Release|x64.Build.0 = Release|x64
		{642CA42A-4AF6-4B2B-A960-814E966B08D2}.Release|x86.ActiveCfg = Release|Win32
		{642CA42A-4AF6-4B2B-A960-814E966B08D2}.Release|x86.Build.0 = Release|Win32
		{205A0C2D-D284-4931-84AE-0273C53D79AB}.Debug|x64.ActiveCfg = Debug|x64
		{205A0C2D-D284-4931-84AE-0273C53D79AB}.Debug|x64.Build.0 = Debug|x64
		{205A0C2D-D284-4931-84AE-0273C53D79AB}.Debug|x86.ActiveCfg = Debug|Win32
		{205A0C2D-D284-4931-84AE-0273C53D79AB}.Debug|x86.Build.0 = Debug|Win32
		{205A0C2D-D284-4931-84AE-0273C53D79AB}.Release|x64.ActiveCfg = Release|x64
		{205A0C2D-D284-4931-84AE-0273C53D79AB}.Release|x64.Build.0 = Release|x64
		{205A0C2D-D284-4931-84AE-0273C53D79AB}.Release|x86.ActiveCfg = Release|Win32
		{205A0C2D-D284-4931-84AE-0273C53D79AB}.Release|x86.Build.0 = Release|Win32
		{FCC197FF-03F1-4CE6-8378-2FBF893C2C50}.Debug|x64.ActiveCfg = Debug|x64
		{FCC197FF-03F1-4CE6-8378-2FBF893C2C50}.Debug|x64.Build.0 = Debug|x64
		{FCC197FF-03F1-4CE6-8378-2FBF893C2C50}.Debug|x86.ActiveCfg = Debug|Win32
		{FCC197FF-03F1-4CE6-8378-2FBF893C2C50}.Debug|x86.Build.0 = Debug|Win32
		{FCC197FF-03F1-4CE6-8378-2FBF893C2C50}.Release|x64.ActiveCfg = Release|x64
		{FCC197FF-03F1-4CE6-8378-2FBF893C2C50}.Release|x64.Build.0 = Release|x64
		{FCC197FF-03F1-4CE6-8378-2FBF893C2C50}.Release|x86.ActiveCfg = Release|Win32
		{FCC197FF-03F1-4CE6-8378-2FBF893C2C50}.Release|x86.Build.0 = Release|Win32
		{A24633D7-3775-470C-A723-B741AD305A36}.Debug|x64.ActiveCfg = Debug|x64
		{A24633D7-3775-470C-A723-B741AD305A36}.Debug|x64.Build.0 = Debug|x64
		{A24633D7-3775-470C-A723-B741AD305A36}.Debug|x86.ActiveCfg = Debug|Win32
		{A24633D7-3775-470C-A723-B741AD305A36}.Debug|x86.Build.0 = Debug|Win32
		{A24633D7-3775-470C-A723-B741AD305A36}.Release|x64.ActiveCfg = Release|x64
		{A24633D7-3775-470C-A723-B741AD305A36}.Release|x64.Build.0 = Release|x64
		{A24633D7-3775-470C-A723-B741AD305A36}.Release|x86.ActiveCfg = Release|Win32
		{A24633D7-3775-470C-A723-B741AD305A36}.Release|x86.Build.0 = Release|Win32
		{6F40EE9F-7749-4ABA-8C88-C0C505DA0560}.Debug|x64.ActiveCfg = Debug|x64
		{6F40EE9F-7749-4ABA-8C88-C0C505DA0560}.Debug|x64.Build.0 = Debug|x64
		{6F40EE9F-7749-4ABA-8C88-C0C505DA0560}.Debug|x86.ActiveCfg = Debug|Win32
		{6F40EE9F-7749-4ABA-8C88-C0C505DA0560}.Debug|x86.Build.0 = Debug|Win32
		{6F40EE9F-7749-4ABA-8C88-C0C505DA0560}.Release|x64.ActiveCfg = Release|x64
		{6F40EE9F-7749-4ABA-8C88-C0C505DA0560}.Release|x64.Build.0 = Release|x64
		{6F40EE9F-7749-4ABA-8C88-C0C505DA0560}.Release|x86.ActiveCfg = Release|Win32
		{6F40EE9F-7749-4ABA-8C88-C0C505DA0560}.Release|x86.Build.0 = Release|Win32
		{7912BE8A-4D29-40E5-8E13-D725690A8B07}.Debug|x64.ActiveCfg = Debug|x64
		{7912BE8A-4D29-40E5-8E13-D725690A8B07}.Debug|x64.Build.0 = Debug|x64
		{7912BE8A-4D29-40E5-8E13-D725690A8B07}.Debug|x86.ActiveCfg = Debug|Win32
		{7912BE8A-4D29-40E5-8E13-D725690A8B07}.Debug|x86.Build.0 = Debug|Win32
		{7912BE8A-4D29-40E5-8E13-D725690A8B07}.Release|x64.ActiveCfg = Release|x64
		{7912BE8A-4D29-40E5-8E13-D725690A8B07}.Release|x64.Build.0 = Release|x64
		{7912BE8A-4D29-40E5-8E13-D725690A8B07}.Release|x86.ActiveCfg = Release|Win32
		{7912BE8A-4D29-40E5-8E13-D725690A8B07}.Release|x86.Build.0 = Release|Win32
		{4FC937E4-CD54-4884-84DC-ECBFF2099450}.Debug|x64.ActiveCfg = Debug|x64
		{4FC937E4-CD54-4884-84DC-ECBFF2099450}.Debug|x64.Build.0 = Debug|x64
		{4FC937E4-CD54-4884-84DC-ECBFF2099450}.Debug|x86.ActiveCfg = Debug|Win32
		{4FC937E4-CD54-4884-84DC-ECBFF2099450}.Debug|x86.Build.0 = Debug|Win32
		{4FC937E4-CD54-4884-84DC-ECBFF2099450}.Release|x64.ActiveCfg = Release|x64
		{4FC937E4-CD54-4884-84DC-ECBFF2099450}.Release|x64.Build.0 = Release|x64
		{4FC937E4-CD54-4884-84DC-ECBFF2099450}.Release|x86.ActiveCfg = Release|Win32
		{4FC937E4-CD54-4884-84DC-ECBFF2099450}.Release|x86.Build.0 = Release|Win32
		{7BD2ABC0-D332-4A38-B2F5-BB63D2ECE0B6}.Debug|x64.ActiveCfg = Debug|x64
		{7BD2ABC0-D332-4A38-B2F5-BB63D2ECE0B6}.Debug|x64.Build.0 = Debug|x64
		{7BD2ABC0-D332-4A38-B2F5-BB63D2ECE0B6}.Debug|x86.ActiveCfg = Debug|Win32
		{7BD2ABC0-D332-4A38-B2F5-BB63D2ECE0B6}.Debug|x86.Build.0 = Debug|Win32
		{7BD2ABC0-D332-4A38-B2F5-BB63D2ECE0B6}.Release|x64.ActiveCfg = Release|x64
		{7BD2ABC0-D332-4A38-B2F5-BB63D2ECE0B6}.Release|x64.Build.0 = Release|x64
		{7BD2ABC0-D332-4A38-B2F5-BB63D2ECE0B6}.Release|x86.ActiveCfg = Release|Win32
		{7BD2ABC0-D332-4A38-B2F5-BB63D2ECE0B6}.Release|x86.Build.0 = Release|Win32
		{01A6B533-D6C0-4785-808F-DB25B07BC456}.Debug|x64.ActiveCfg = Debug|x64
		{01A6B533-D6C0-4785-808F-DB25B07BC456}.Debug|x64.Build.0 = Debug|x64
		{01A6B533-D6C0-4785-808F-DB25B07BC456}.Debug|x86.ActiveCfg = Debug|Win32
		{01A6B533-D6C0-4785-808F-DB25B07BC456}.Debug|x86.Build.0 = Debug|Win32
		{01A6B533-D6C0-4785-808F-DB25B07BC456}.Release|x64.ActiveCfg = Release|x64
		{01A6B533-D6C0-4785-808F-DB25B07BC456}.Release|x64.Build.0 = Release|x64
		{01A6B533-D6C0-4785-808F-DB25B07BC456}.Release|x86.ActiveCfg = Release|Win32
		{01A6B533-D6C0-4785-808F-DB25B07BC456}.Release|x86.Build.0 = Release|Win32
		{84E2F9FA-561B-4F5D-836C-C68FCA0D854C}.Debug|x64.ActiveCfg = Debug|x64
		{84E2F9FA-561B-4F5D-836C-C68FCA0D854C}.Debug|x64.Build.0 = Debug|x64
		{84E2F9FA-561B-4F5D-836C-C68FCA0D854C}.Debug|x86.ActiveCfg = Debug|Win32
		{84E2F9FA-561B-4F5D-836C-C68FCA0D854C}.Debug|x86.Build.0 = Debug|Win32
		{84E2F9FA-561B-4F5D-836C-C68FCA0D854C}.Release|x64.ActiveCfg = Release|x64
		{84E2F9FA-561B-4F5D-836C-C68FCA0D854C}.Release|x64.Build.0 = Release|x64
		{84E2F9FA-561B-4F5D-836C-C68FCA0D854C}.Release|x86.ActiveCfg = Release|Win32
		{84E2F9FA-561B-4F5D-836C-C68FCA0D854C}.Release|x86.Build.0 = Release|Win32
		{D32D738A-7347-4685-AD9C-59029AE69E09}.Debug|x64.ActiveCfg = Debug|x64
		{D32D738A-7347-4685-AD9C-59029AE69E09}.Debug|x64.Build.0 = Debug|x64
		{D32D738A-7347-4685-AD9C-59029AE69E09}.Debug|x86.ActiveCfg = Debug|Win32
		{D32D738A-7347-4685-AD9C-59029AE69E09}.Debug|x86.Build.0 = Debug|Win32
		{D32D738A-7347-4685-AD9C-59029AE69E09}.Release|x64.ActiveCfg = Release|x64
		{D32D738A-7347-4685-AD9C-59029AE69E09}.Release|x64.Build.0 = Release|x64
		{D32D738A-7347-4685-AD9C-59029AE69E09}.Release|x86.ActiveCfg = Release|Win32
		{D32D738A-7347-4685-AD9C-59029AE69E09}.Release|x86.Build.0 = Release|Win32
		{DE45FBA8-976F-4739-8E32-E02E0FE2E438}.Debug|x64.ActiveCfg = Debug|x64
		{DE45FBA8-976F-4739-8E32-E02E0FE2E438}.Debug|x64.Build.0 = Debug|x64
		{DE45FBA8-976F-4739-8E32-E02E0FE2E438}.Debug|x86.ActiveCfg = Debug|Win32
		{DE45FBA8-976F-4739-8E32-E02E0FE2E438}.Debug|x86.Build.0 = Debug|Win32
		{DE45FBA8-976F-4739-8E32-E02E0FE2E438}.Release|x64.ActiveCfg = Release|x64
		{DE45FBA8-976F-4739-8E32-E02E0FE2E438}.Release|x64.Build.0 = Release|x64
		{DE45FBA8-976F-4739-8E32-E02E0FE2E438}.Release|x86.ActiveCfg = Release|Win32
		{DE45FBA8-976F-4739-8E32-E02E0FE2E438}.Release|x86.Build.0 = Release|Win32
		{C9D5CC64-295A-43B8-9BDA-0E56EA873480}.Debug|x64.ActiveCfg = Debug|x64
		{C9D5CC64-295A-43B8-9BDA-0E56EA873480}.Debug|x64.Build.0 = Debug|x64
		{C9D5CC64-295A-43B8-9BDA-0E56EA873480}.Debug|x86.ActiveCfg = Debug|Win32
		{C9D5CC64-295A-43B8-9BDA-0E56EA873480}.Debug|x86.Build.0 = Debug|Win32
		{C9D5CC64-295A-43B8-9BDA-0E56EA873480}.Release|x64.ActiveCfg = Release|x64
		{C9D5CC64-295A-43B8-9BDA-0E56EA873480}.Release|x64.Build.0 = Release|x64
		{C9D5CC64-295A-43B8-9BDA-0E56EA873480}.Release|x86.ActiveCfg = Release|Win32
		{C9D5CC64-295A-43B8-9BDA-0E56EA873480}.Release|x86.Build.0 = Release|Win32
		{6FEBD73C-648A-4E79-9C26-74A892CEBCC4}.Debug|x64.ActiveCfg = Debug|x64
		{6FEBD73C-648A-4E79-9C26-74A892CEBCC4}.Debug|x64.Build.0 = Debug|x64
		{6FEBD73C-648A-4E79-9C26-74A892CEBCC4}.Debug|x86.ActiveCfg = Debug|Win32
		{6FEBD73C-648A-4E79-9C26-74A892CEBCC4}.Debug|x86.Build.0 = Debug|Win32
		{6FEBD73C-648A-4E79-9C26-74A892CEBCC4}.Release|x64.ActiveCfg = Release|x64
		{6FEBD73C-648A-4E79-9C26-74A892CEBCC4}.Release|x64.Build.0 = Release|x64
		{6FEBD73C-648A-4E79-9C26-74A892CEBCC4}.Release|x86.ActiveCfg = Release|Win32
		{6FEBD73C-648A-4E79-9C26-74A892CEBCC4}.Release|x86.Build.0 = Release|Win32
		{03D8ED00-C562-40AF-97C5-5F2A76724F2E}.Debug|x64.ActiveCfg = Debug|x64
		{03D8ED00-C562-40AF-97C5-5F2A76724F2E}.Debug|x64.Build.0 = Debug|x64
		{03D8ED00-C562-40AF-97C5-5F2A76724F2E}.Debug|x86.ActiveCfg = Debug|Win32
		{03D8ED00-C562-40AF-97C5-5F2A76724F2E}.Debug|x86.Build.0 = Debug|Win32
		{03D8ED00-C562-40AF-97C5-5F2A76724F2E}.Release|x64.ActiveCfg = Release|x64
		{03D8ED00-C562-40AF-97C5-5F2A76724F2E}.Release|x64.Build.0 = Release|x64
		{03D8ED00-C562-40AF-97C5-5F2A76724F2E}.Release|x86.ActiveCfg = Release|Win32
		{03D8ED00-C562-40AF-97C5-5F2A76724F2E}.Release|x86.Build.0 = Release|Win32
		{26224F8D-571B-4144-BEC7-24B4ABB68EC4}.Debug|x64.ActiveCfg = Debug|x64
		{26224F8D-571B-4144-BEC7-24B4ABB68EC4}.Debug|x64.Build.0 = Debug|x64
		{26224F8D-571B-4144-BEC7-24B4ABB68EC4}.Debug|x86.ActiveCfg = Debug|Win32
		{26224F8D-571B-4144-BEC7-24B4ABB68EC4}.Debug|x86.Build.0 = Debug|Win32
		{26224F8D-571B-4144-BEC7-24B4ABB68EC4}.Release|x64.ActiveCfg = Release|x64
		{26224F8D-571B-4144-BEC7-24B4ABB68EC4}.Release|x64.Build.0 = Release|x64
		{26224F8D-571B-4144-BEC7-24B4ABB68EC4}.Release|x86.ActiveCfg = Release|Win32
		{26224F8D-571B-4144-BEC7-24B4ABB68EC4}.Release|x86.Build.0 = Release|Win32
		{24B56C3B-C5CB-427D-A2AA-6D539A933254}.Debug|x64.ActiveCfg = Debug|x64
		{24B56C3B-C5CB-427D-A2AA-6D539A933254}.Debug|x64.Build.0 = Debug|x64
		{24B56C3B-C5CB-427D-A2AA-6D539A933254}.Debug|x86.ActiveCfg = Debug|Win32
		{24B56C3B-C5CB-427D-A2AA-6D539A933254}.Debug|x86.Build.0 = Debug|Win32
		{24B56C3B-C5CB-427D-A2AA-6D539A933254}.Release|x64.ActiveCfg = Release|x64
		{24B56C3B-C5CB-427D-A2AA-6D539A933254}.Release|x64.Build.0 = Release|x64
		{24B56C3B-C5CB-427D-A2AA-6D539A933254}.Release|x86.ActiveCfg = Release|Win32
		{24B56C3B-C5CB-427D-A2AA-6D539A933254}.Release|x86.Build.0 = Release|Win32
		{07A2E98D-2A12-4F8D-AC21-02A918ED91E0}.Debug|x64.ActiveCfg = Debug|x64
		{07A2E98D-2A12-4F8D-AC21-02A918ED91E0}.Debug|x64.Build.0 = Debug|x64
		{07A2E98D-2A12-4F8D-AC21-02A918ED91E0}.Debug|x86.ActiveCfg = Debug|Win32
		{07A2E98D-2A12-4F8D-AC21-02A918ED91E0}.Debug|x86.Build.0 = Debug|Win32
		{07A2E98D-2A12-4F8D-AC21-02A918ED91E0}.Release|x64.ActiveCfg = Release|x64
		{07A2E98D-2A12-4F8D-AC21-02A918ED91E0}.Release|x64.Build.0 = Release|x64
		{07A2E98D-2A12-4F8D-AC21-02A918ED91E0}.Release|x86.ActiveCfg = Release|Win32
		{07A2E98D-2A12-4F8D-AC21-02A918ED91E0}.Release|x86.Build.0 = Release|Win32
		{2CFF52A3-5601-432A-BEAF-3415275AAC64}.Debug|x64.ActiveCfg = Debug|x64
		{2CFF52A3-5601-432A-BEAF-3415275AAC64}.Debug|x64.Build.0 = Debug|x64
		{2CFF52A3-5601-432A-BEAF-3415275AAC64}.Debug|x86.ActiveCfg = Debug|Win32
		{2CFF52A3-5601-432A-BEAF-3415275AAC64}.Debug|x86.Build.0 = Debug|Win32
		{2CFF52A3-5601-432A-BEAF-3415275AAC64}.Release|x64.ActiveCfg = Release|x64
		{2CFF52A3-5601-432A-BEAF-3415275AAC64}.Release|x64.Build.0 = Release|x64
		{2CFF52A3-5601-432A-BEAF-3415275AAC64}.Release|x86.ActiveCfg = Release|Win32
		{2CFF52A3-5601-432A-BEAF-3415275AAC64}.Release|x86.Build.0 = Release|Win32
		{462EB0CB-E2EB-4DBF-AAF6-4F055278EDEE}.Debug|x64.ActiveCfg = Debug|x64
		{462EB0CB-E2EB-4DBF-AAF6-4F055278EDEE}.Debug|x64.Build.0 = Debug|x64
		{462EB0CB-E2EB-4DBF-AAF6-4F055278EDEE}.Debug|x86.ActiveCfg = Debug|Win32
		{462EB0CB-E2EB-4DBF-AAF6-4F055278EDEE}.Debug|x86.Build.0 = Debug|Win32
		{462EB0CB-E2EB-4DBF-AAF6-4F055278EDEE}.Release|x64.ActiveCfg = Release|x64
		{462EB0CB-E2EB-4DBF-AAF6-4F055278EDEE}.Release|x64.Build.0 = Release|x64
		{462EB0CB-E2EB-4DBF-AAF6-4F055278EDEE}.Release|x86.ActiveCfg = Release|Win32
		{462EB0CB-E2EB-4DBF-AAF6-4F055278EDEE}.Release|x86.Build.0 = Release|Win32
		{018632B2-E5E7-41FC-88A3-558AB18E5C35}.Debug|x64.ActiveCfg = Debug|x64
		{018632B2-E5E7-41FC-88A3-558AB18E5C35}.Debug|x64.Build.0 = Debug|x64
		{018632B2-E5E7-41FC-88A3-558AB18E5C35}.Debug|x86.ActiveCfg = Debug|Win32
		{018632B2-E5E7-41FC-88A3-558AB18E5C35}.Debug|x86.Build.0 = Debug|Win32
		{018632B2-E5E7-41FC-88A3-558AB18E5C35}.Release|x64.ActiveCfg = Release|x64
		{018632B2-E5E7-41FC-88A3-558AB18E5C35}.Release|x64.Build.0 = Release|x64
		{018632B2-E5E7-41FC-88A3-558AB18E5C35}.Release|x86.ActiveCfg = Release|Win32
		{018632B2-E5E7-41FC-88A3-558AB18E5C35}.Release|x86.Build.0 = Release|Win32
		{F667D015-AE2C-454A-86DA-4C6D2105348E}.Debug|x64.ActiveCfg = Debug|x64
		{F667D015-AE2C-454A-86DA-4C6D2105348E}.Debug|x64.Build.0 = Debug|x64
		{F667D015-AE2C-454A-86DA-4C6D2105348E}.Debug|x86.ActiveCfg = Debug|Win32
		{F667D015-AE2C-454A-86DA-4C6D2105348E}.Debug|x86.Build.0 = Debug|Win32
		{F667D015-AE2C-454A-86DA-4C6D2105348E}.Release|x64.ActiveCfg = Release|x64
		{F667D015-AE2C-454A-86DA-4C6D2105348E}.Release|x64.Build.0 = Release|x64
		{F667D015-AE2C-454A-86DA-4C6D2105348E}.Release|x86.ActiveCfg = Release|Win32
		{F667D015-AE2C-454A-86DA-4C6D2105348E}.Release|x86.Build.0 = Release|Win32
		{2EA12F5C-0AE5-49F1-9BDE-30E82EB99DB8}.Debug|x64.ActiveCfg = Debug|x64
		{2EA12F5C-0AE5-49F1-9BDE-30E82EB99DB8}.Debug|x64.Build.0 = Debug|x64
		{2EA12F5C-0AE5-49F1-9BDE-30E82EB99DB8}.Debug|x86.ActiveCfg = Debug|Win32
		{2EA12F5C-0AE5-49F1-9BDE-30E82EB99DB8}.Debug|x86.Build.0 = Debug|Win32
		{2EA12F5C-0AE5-49F1-9BDE-30E82EB99DB8}.Release|x64.ActiveCfg = Release|x64
		{2EA12F5C-0AE5-49F1-9BDE-30E82EB99DB8}.Release|x64.Build.0 = Release|x64
		{2EA12F5C-0AE5-49F1-9BDE-30E82EB99DB8}.Release|x86.ActiveCfg = Release|Win32
		{2EA12F5C-0AE5-49F1-9BDE-30E82EB99DB8}.Release|x86.Build.0 = Release|Win32
		{BBAA9962-7228-4934-BA17-71E7E8B47F13}.Debug|x64.ActiveCfg = Debug|x64
		{BBAA9962-7228-4934-BA17-71E7E8B47F13}.Debug|x64.Build.0 = Debug|x64
		{BBAA9962-7228-4934-BA17-71E7E8B47F13}.Debug|x86.ActiveCfg = Debug|Win32
		{BBAA9962-7228-4934-BA17-71E7E8B47F13}.Debug|x86.Build.0 = Debug|Win32
		{BBAA9962-7228-4934-BA17-71E7E8B47F13}.Release|x64.ActiveCfg = Release|x64
		{BBAA9962-7228-4934-BA17-71E7E8B47F13}.Release|x64.Build.0 = Release|x64
		{BBAA9962-7228-4934-BA17-71E7E8B47F13}.Release|x86.ActiveCfg = Release|Win32
		{BBAA9962-7228-4934-BA17-71E7E8B47F13}.Release|x86.Build.0 = Release|Win32
		{8A0A6622-D468-477C-9D58-999E1B0CAE14}.Debug|x64.ActiveCfg = Debug|x64
		{8A0A6622-D468-477C-9D58-999E1B0CAE14}.Debug|x64.Build.0 = Debug|x64
		{8A0A6622-D468-477C-9D58-999E1B0CAE14}.Debug|x86.ActiveCfg = Debug|Win32
		{8A0A6622-D468-477C-9D58-999E1B0CAE14}.Debug|x86.Build.0 = Debug|Win32
		{8A0A6622-D468-477C-9D58-999E1B0CAE14}.Release|x64.ActiveCfg = Release|x64
		{8A0A6622-D468-477C-9D58-999E1B0CAE14}.Release|x64.Build.0 = Release|x64
		{8A0A6622-D468-477C-9D58-999E1B0CAE14}.Release|x86.ActiveCfg = Release|Win32
		{8A0A6622-D468-477C-9D58-999E1B0CAE14}.Release|x86.Build.0 = Release|Win32
		{2816BBDF-7B5F-4114-A071-7857846B5E10}.Debug|x64.ActiveCfg = Debug|x64
		{2816BBDF-7B5F-4114-A071-7857846B5E10}.Debug|x64.Build.0 = Debug|x64
		{2816BBDF-7B5F-4114-A071-7857846B5E10}.Debug|x86.ActiveCfg = Debug|Win32
		{2816BBDF-7B5F-4114-A071-7857846B5E10}.Debug|x86.Build.0 = Debug|Win32
		{2816BBDF-7B5F-4114-A071-7857846B5E10}.Release|x64.ActiveCfg = Release|x64
		{2816BBDF-7B5F-4114-A071-7857846B5E10}.Release|x64.Build.0 = Release|x64
		{2816BBDF-7B5F-4114-A071-7857846B5E10}.Release|x86.ActiveCfg = Release|Win32
		{2816BBDF-7B5F-4114-A071-7857846B5E10}.Release|x86.Build.0 = Release|Win32
		{07F0C986-B0F1-4399-9D4B-D08BB48A7ED5}.Debug|x64.ActiveCfg = Debug|x64
		{07F0C986-B0F1-4399-9D4B-D08BB48A7ED5}.Debug|x64.Build.0 = Debug|x64
		{07F0C986-B0F1-4399-9D4B-D08BB48A7ED5}.Debug|x86.ActiveCfg = Debug|Win32
		{07F0C986-B0F1-4399-9D4B-D08BB48A7ED5}.Debug|x86.Build.0 = Debug|Win32
		{07F0C986-B0F1-4399-9D4B-D08BB48A7ED5}.Release|x64.ActiveCfg = Release|x64
		{07F0C986-B0F1-4399-9D4B-D08BB48A7ED5}.Release|x64.Build.0 = Release|x64
		{07F0C986-B0F1-4399-9D4B-D08BB48A7ED5}.Release|x86.ActiveCfg = Release|Win32
		{07F0C986-B0F1-4399-9D4B-D08BB48A7ED5}.Release|x86.Build.0 = Release|Win32
		{3A72E957-6E53-402E-9F67-A67206782412}.Debug|x64.ActiveCfg = Debug|x64
		{3A72E957-6E53-402E-9F67-A67206782412}.Debug|x64.Build.0 = Debug|x64
		{3A72E957-6E53-402E-9F67-A67206782412}.Debug|x86.ActiveCfg = Debug|Win32
		{3A72E957-6E53-402E-9F67-A67206782412}.Debug|x86.Build.0 = Debug|Win32
		{3A72E957-6E53-402E-9F67-A67206782412}.Release|x64.ActiveCfg = Release|x64
		{3A72E957-6E53-402E-9F67-A67206782412}.Release|x64.Build.0 = Release|x64
		{3A72E957-6E53-402E-9F67-A67206782412}.Release|x86.ActiveCfg = Release|Win32
		{3A72E957-6E53-402E-9F67-A67206782412}.Release|x86.Build.0 = Release|Win32
		{D5B1AD02-8093-47B8-BB10-E97DC8E2FE26}.Debug|x64.ActiveCfg = Debug|x64
		{D5B1AD02-8093-47B8-BB10-E97DC8E2FE26}.Debug|x64.Build.0 = Debug|x64
		{D5B1AD02-8093-47B8-BB10-E97DC8E2FE26}.Debug|x86.ActiveCfg = Debug|Win32
		{D5B1AD02-8093-47B8-BB10-E97DC8E2FE26}.Debug|x86.Build.0 = Debug|Win32
		{D5B1AD02-8093-47B8-BB10-E97DC8E2FE26}.Release|x64.ActiveCfg = Release|x64
		{D5B1AD02-8093-47B8-BB10-E97DC8E2FE26}.Release|x64.Build.0 = Release|x64
		{D5B1AD02-8093-47B8-BB10-E97DC8E2FE26}.Release|x86.ActiveCfg = Release|Win32
		{D5B1AD02-8093-47B8-BB10-E97DC8E2FE26}.Release|x86.Build.0 = Release|Win32
	EndGlobalSection
	GlobalSection(SolutionProperties) = preSolution
		HideSolutionNode = FALSE
	EndGlobalSection
	GlobalSection(ExtensibilityGlobals) = postSolution
		SolutionGuid = {BAD7C170-D804-48BC-A570-DA2F84A401E3}
	EndGlobalSection
EndGlobal
