
Microsoft Visual Studio Solution File, Format Version 12.00
# Visual Studio Version 17
VisualStudioVersion = 17.9.34728.123
MinimumVisualStudioVersion = 10.0.40219.1
Project("{8BC9CEB8-8B4A-11D0-8D11-00A0C91BC942}") = "libimplFileBufferAdjust", "libimplFileBufferAdjust\libimplFileBufferAdjust.vcxproj", "{26C09355-6F76-4557-B241-229538D6E05A}"
EndProject
Project("{8BC9CEB8-8B4A-11D0-8D11-00A0C91BC942}") = "libimplFileUtils", "libimplFileUtils\libimplFileUtils.vcxproj", "{E768402B-6037-47F3-BD59-3E496BD8DD81}"
EndProject
Project("{8BC9CEB8-8B4A-11D0-8D11-00A0C91BC942}") = "libimplNqpBufferIO", "libimplNqpBufferIO\libimplNqpBufferIO.vcxproj", "{0C364C73-A83B-4E82-929D-162CADD9BAA8}"
EndProject
Project("{8BC9CEB8-8B4A-11D0-8D11-00A0C91BC942}") = "libimplNqpQueueIO", "libimplNqpQueueIO\libimplNqpQueueIO.vcxproj", "{30D6A3C3-1754-4F47-B7EA-41883CD5236F}"
EndProject
Project("{8BC9CEB8-8B4A-11D0-8D11-00A0C91BC942}") = "libimplNqpLiArrAdjust", "libimplNqpLiArrAdjust\libimplNqpLiArrAdjust.vcxproj", "{9E94A523-BC6A-4D6C-A136-46190D2FEF15}"
EndProject
Project("{8BC9CEB8-8B4A-11D0-8D11-00A0C91BC942}") = "libimplNqpLiArrIO", "libimplNqpLiArrIO\libimplNqpLiArrIO.vcxproj", "{57264852-36FB-41FC-87D2-87A626BEDD73}"
EndProject
Project("{8BC9CEB8-8B4A-11D0-8D11-00A0C91BC942}") = "libimplNqpIteration", "libimplNqpIteration\libimplNqpIteration.vcxproj", "{83296A12-B7F0-4CDF-807F-3E30605EB7C0}"
EndProject
Project("{8BC9CEB8-8B4A-11D0-8D11-00A0C91BC942}") = "libimplNqpDimThreadcountConstraint", "libimplNqpDimThreadcountConstraint\libimplNqpDimThreadcountConstraint.vcxproj", "{3D6B31A7-ABFA-4E8B-8DA5-824FDA472B5F}"
EndProject
Project("{8BC9CEB8-8B4A-11D0-8D11-00A0C91BC942}") = "libimplNqp1t", "libimplNqp1t\libimplNqp1t.vcxproj", "{7DB8523D-A91D-4569-8E2E-A6CB0998B92C}"
EndProject
Project("{8BC9CEB8-8B4A-11D0-8D11-00A0C91BC942}") = "dllNqp1tBuffer", "dllNqp1tBuffer\dllNqp1tBuffer.vcxproj", "{32BB399B-D32D-4FCB-820F-973F5C6BB996}"
EndProject
Project("{8BC9CEB8-8B4A-11D0-8D11-00A0C91BC942}") = "libhdrWinapiConfig", "libhdrWinapiConfig\libhdrWinapiConfig.vcxproj", "{F32B802A-C814-4324-BB7A-BB2415D8A5E7}"
EndProject
Project("{8BC9CEB8-8B4A-11D0-8D11-00A0C91BC942}") = "libhdrNqpFailAllocCheck", "libhdrNqpFailAllocCheck\libhdrNqpFailAllocCheck.vcxproj", "{B52E34BA-0018-4EEE-9A22-7CBB322C37ED}"
EndProject
Project("{8BC9CEB8-8B4A-11D0-8D11-00A0C91BC942}") = "libhdrNqpIO", "libhdrNqpIO\libhdrNqpIO.vcxproj", "{21EF2E4F-9EFA-49C2-80B2-1B5CCC10913F}"
EndProject
Project("{8BC9CEB8-8B4A-11D0-8D11-00A0C91BC942}") = "libhdrNqp1t", "libhdrNqp1t\libhdrNqp1t.vcxproj", "{FA931B48-E381-42FE-8E3B-44A980383FC6}"
EndProject
Project("{8BC9CEB8-8B4A-11D0-8D11-00A0C91BC942}") = "dllNqp1tLiArr", "dllNqp1tLiArr\dllNqp1tLiArr.vcxproj", "{D59EFDF8-C68D-4F96-B753-627D8EE0AC9B}"
EndProject
Project("{8BC9CEB8-8B4A-11D0-8D11-00A0C91BC942}") = "dllNqp1tQueue", "dllNqp1tQueue\dllNqp1tQueue.vcxproj", "{FF0D032F-FFF5-4663-966D-67F90F741583}"
EndProject
Project("{8BC9CEB8-8B4A-11D0-8D11-00A0C91BC942}") = "exeTestRunner", "exeTestRunner\exeTestRunner.vcxproj", "{909D407D-F77D-4C24-A026-A6614CA4F693}"
EndProject
Project("{8BC9CEB8-8B4A-11D0-8D11-00A0C91BC942}") = "libimplNqpTest", "libimplNqpTest\libimplNqpTest.vcxproj", "{7703B784-A365-4A27-83EE-BF65B8F6CCAE}"
EndProject
Project("{8BC9CEB8-8B4A-11D0-8D11-00A0C91BC942}") = "libimplNqpSolutionValidator", "libimplNqpSolutionValidator\libimplNqpSolutionValidator.vcxproj", "{9B34E24D-56F6-4DDA-87C7-1005A22622F0}"
EndProject
Project("{8BC9CEB8-8B4A-11D0-8D11-00A0C91BC942}") = "testNqp1tBuffer", "testNqp1tBuffer\testNqp1tBuffer.vcxproj", "{0584DCB6-3AF7-4C50-A352-DF7AE24B0442}"
EndProject
Project("{8BC9CEB8-8B4A-11D0-8D11-00A0C91BC942}") = "testNqp1tLiArr", "testNqp1tLiArr\testNqp1tLiArr.vcxproj", "{6FAC3B18-24F1-4A8A-824B-D78E790171D0}"
EndProject
Project("{8BC9CEB8-8B4A-11D0-8D11-00A0C91BC942}") = "testNqp1tQueue", "testNqp1tQueue\testNqp1tQueue.vcxproj", "{56091992-A559-45C3-818E-8C7788154347}"
EndProject
Project("{8BC9CEB8-8B4A-11D0-8D11-00A0C91BC942}") = "libhdrNqpMt", "libhdrNqpMt\libhdrNqpMt.vcxproj", "{3E3E9990-9932-41C2-936F-24B6D3AE12A1}"
EndProject
Global
	GlobalSection(SolutionConfigurationPlatforms) = preSolution
		Debug|x64 = Debug|x64
		Debug|x86 = Debug|x86
		Release|x64 = Release|x64
		Release|x86 = Release|x86
	EndGlobalSection
	GlobalSection(ProjectConfigurationPlatforms) = postSolution
		{26C09355-6F76-4557-B241-229538D6E05A}.Debug|x64.ActiveCfg = Debug|x64
		{26C09355-6F76-4557-B241-229538D6E05A}.Debug|x64.Build.0 = Debug|x64
		{26C09355-6F76-4557-B241-229538D6E05A}.Debug|x86.ActiveCfg = Debug|Win32
		{26C09355-6F76-4557-B241-229538D6E05A}.Debug|x86.Build.0 = Debug|Win32
		{26C09355-6F76-4557-B241-229538D6E05A}.Release|x64.ActiveCfg = Release|x64
		{26C09355-6F76-4557-B241-229538D6E05A}.Release|x64.Build.0 = Release|x64
		{26C09355-6F76-4557-B241-229538D6E05A}.Release|x86.ActiveCfg = Release|Win32
		{26C09355-6F76-4557-B241-229538D6E05A}.Release|x86.Build.0 = Release|Win32
		{E768402B-6037-47F3-BD59-3E496BD8DD81}.Debug|x64.ActiveCfg = Debug|x64
		{E768402B-6037-47F3-BD59-3E496BD8DD81}.Debug|x64.Build.0 = Debug|x64
		{E768402B-6037-47F3-BD59-3E496BD8DD81}.Debug|x86.ActiveCfg = Debug|Win32
		{E768402B-6037-47F3-BD59-3E496BD8DD81}.Debug|x86.Build.0 = Debug|Win32
		{E768402B-6037-47F3-BD59-3E496BD8DD81}.Release|x64.ActiveCfg = Release|x64
		{E768402B-6037-47F3-BD59-3E496BD8DD81}.Release|x64.Build.0 = Release|x64
		{E768402B-6037-47F3-BD59-3E496BD8DD81}.Release|x86.ActiveCfg = Release|Win32
		{E768402B-6037-47F3-BD59-3E496BD8DD81}.Release|x86.Build.0 = Release|Win32
		{0C364C73-A83B-4E82-929D-162CADD9BAA8}.Debug|x64.ActiveCfg = Debug|x64
		{0C364C73-A83B-4E82-929D-162CADD9BAA8}.Debug|x64.Build.0 = Debug|x64
		{0C364C73-A83B-4E82-929D-162CADD9BAA8}.Debug|x86.ActiveCfg = Debug|Win32
		{0C364C73-A83B-4E82-929D-162CADD9BAA8}.Debug|x86.Build.0 = Debug|Win32
		{0C364C73-A83B-4E82-929D-162CADD9BAA8}.Release|x64.ActiveCfg = Release|x64
		{0C364C73-A83B-4E82-929D-162CADD9BAA8}.Release|x64.Build.0 = Release|x64
		{0C364C73-A83B-4E82-929D-162CADD9BAA8}.Release|x86.ActiveCfg = Release|Win32
		{0C364C73-A83B-4E82-929D-162CADD9BAA8}.Release|x86.Build.0 = Release|Win32
		{30D6A3C3-1754-4F47-B7EA-41883CD5236F}.Debug|x64.ActiveCfg = Debug|x64
		{30D6A3C3-1754-4F47-B7EA-41883CD5236F}.Debug|x64.Build.0 = Debug|x64
		{30D6A3C3-1754-4F47-B7EA-41883CD5236F}.Debug|x86.ActiveCfg = Debug|Win32
		{30D6A3C3-1754-4F47-B7EA-41883CD5236F}.Debug|x86.Build.0 = Debug|Win32
		{30D6A3C3-1754-4F47-B7EA-41883CD5236F}.Release|x64.ActiveCfg = Release|x64
		{30D6A3C3-1754-4F47-B7EA-41883CD5236F}.Release|x64.Build.0 = Release|x64
		{30D6A3C3-1754-4F47-B7EA-41883CD5236F}.Release|x86.ActiveCfg = Release|Win32
		{30D6A3C3-1754-4F47-B7EA-41883CD5236F}.Release|x86.Build.0 = Release|Win32
		{9E94A523-BC6A-4D6C-A136-46190D2FEF15}.Debug|x64.ActiveCfg = Debug|x64
		{9E94A523-BC6A-4D6C-A136-46190D2FEF15}.Debug|x64.Build.0 = Debug|x64
		{9E94A523-BC6A-4D6C-A136-46190D2FEF15}.Debug|x86.ActiveCfg = Debug|Win32
		{9E94A523-BC6A-4D6C-A136-46190D2FEF15}.Debug|x86.Build.0 = Debug|Win32
		{9E94A523-BC6A-4D6C-A136-46190D2FEF15}.Release|x64.ActiveCfg = Release|x64
		{9E94A523-BC6A-4D6C-A136-46190D2FEF15}.Release|x64.Build.0 = Release|x64
		{9E94A523-BC6A-4D6C-A136-46190D2FEF15}.Release|x86.ActiveCfg = Release|Win32
		{9E94A523-BC6A-4D6C-A136-46190D2FEF15}.Release|x86.Build.0 = Release|Win32
		{57264852-36FB-41FC-87D2-87A626BEDD73}.Debug|x64.ActiveCfg = Debug|x64
		{57264852-36FB-41FC-87D2-87A626BEDD73}.Debug|x64.Build.0 = Debug|x64
		{57264852-36FB-41FC-87D2-87A626BEDD73}.Debug|x86.ActiveCfg = Debug|Win32
		{57264852-36FB-41FC-87D2-87A626BEDD73}.Debug|x86.Build.0 = Debug|Win32
		{57264852-36FB-41FC-87D2-87A626BEDD73}.Release|x64.ActiveCfg = Release|x64
		{57264852-36FB-41FC-87D2-87A626BEDD73}.Release|x64.Build.0 = Release|x64
		{57264852-36FB-41FC-87D2-87A626BEDD73}.Release|x86.ActiveCfg = Release|Win32
		{57264852-36FB-41FC-87D2-87A626BEDD73}.Release|x86.Build.0 = Release|Win32
		{83296A12-B7F0-4CDF-807F-3E30605EB7C0}.Debug|x64.ActiveCfg = Debug|x64
		{83296A12-B7F0-4CDF-807F-3E30605EB7C0}.Debug|x64.Build.0 = Debug|x64
		{83296A12-B7F0-4CDF-807F-3E30605EB7C0}.Debug|x86.ActiveCfg = Debug|Win32
		{83296A12-B7F0-4CDF-807F-3E30605EB7C0}.Debug|x86.Build.0 = Debug|Win32
		{83296A12-B7F0-4CDF-807F-3E30605EB7C0}.Release|x64.ActiveCfg = Release|x64
		{83296A12-B7F0-4CDF-807F-3E30605EB7C0}.Release|x64.Build.0 = Release|x64
		{83296A12-B7F0-4CDF-807F-3E30605EB7C0}.Release|x86.ActiveCfg = Release|Win32
		{83296A12-B7F0-4CDF-807F-3E30605EB7C0}.Release|x86.Build.0 = Release|Win32
		{3D6B31A7-ABFA-4E8B-8DA5-824FDA472B5F}.Debug|x64.ActiveCfg = Debug|x64
		{3D6B31A7-ABFA-4E8B-8DA5-824FDA472B5F}.Debug|x64.Build.0 = Debug|x64
		{3D6B31A7-ABFA-4E8B-8DA5-824FDA472B5F}.Debug|x86.ActiveCfg = Debug|Win32
		{3D6B31A7-ABFA-4E8B-8DA5-824FDA472B5F}.Debug|x86.Build.0 = Debug|Win32
		{3D6B31A7-ABFA-4E8B-8DA5-824FDA472B5F}.Release|x64.ActiveCfg = Release|x64
		{3D6B31A7-ABFA-4E8B-8DA5-824FDA472B5F}.Release|x64.Build.0 = Release|x64
		{3D6B31A7-ABFA-4E8B-8DA5-824FDA472B5F}.Release|x86.ActiveCfg = Release|Win32
		{3D6B31A7-ABFA-4E8B-8DA5-824FDA472B5F}.Release|x86.Build.0 = Release|Win32
		{7DB8523D-A91D-4569-8E2E-A6CB0998B92C}.Debug|x64.ActiveCfg = Debug|x64
		{7DB8523D-A91D-4569-8E2E-A6CB0998B92C}.Debug|x64.Build.0 = Debug|x64
		{7DB8523D-A91D-4569-8E2E-A6CB0998B92C}.Debug|x86.ActiveCfg = Debug|Win32
		{7DB8523D-A91D-4569-8E2E-A6CB0998B92C}.Debug|x86.Build.0 = Debug|Win32
		{7DB8523D-A91D-4569-8E2E-A6CB0998B92C}.Release|x64.ActiveCfg = Release|x64
		{7DB8523D-A91D-4569-8E2E-A6CB0998B92C}.Release|x64.Build.0 = Release|x64
		{7DB8523D-A91D-4569-8E2E-A6CB0998B92C}.Release|x86.ActiveCfg = Release|Win32
		{7DB8523D-A91D-4569-8E2E-A6CB0998B92C}.Release|x86.Build.0 = Release|Win32
		{32BB399B-D32D-4FCB-820F-973F5C6BB996}.Debug|x64.ActiveCfg = Debug|x64
		{32BB399B-D32D-4FCB-820F-973F5C6BB996}.Debug|x64.Build.0 = Debug|x64
		{32BB399B-D32D-4FCB-820F-973F5C6BB996}.Debug|x86.ActiveCfg = Debug|Win32
		{32BB399B-D32D-4FCB-820F-973F5C6BB996}.Debug|x86.Build.0 = Debug|Win32
		{32BB399B-D32D-4FCB-820F-973F5C6BB996}.Release|x64.ActiveCfg = Release|x64
		{32BB399B-D32D-4FCB-820F-973F5C6BB996}.Release|x64.Build.0 = Release|x64
		{32BB399B-D32D-4FCB-820F-973F5C6BB996}.Release|x86.ActiveCfg = Release|Win32
		{32BB399B-D32D-4FCB-820F-973F5C6BB996}.Release|x86.Build.0 = Release|Win32
		{F32B802A-C814-4324-BB7A-BB2415D8A5E7}.Debug|x64.ActiveCfg = Debug|x64
		{F32B802A-C814-4324-BB7A-BB2415D8A5E7}.Debug|x64.Build.0 = Debug|x64
		{F32B802A-C814-4324-BB7A-BB2415D8A5E7}.Debug|x86.ActiveCfg = Debug|Win32
		{F32B802A-C814-4324-BB7A-BB2415D8A5E7}.Debug|x86.Build.0 = Debug|Win32
		{F32B802A-C814-4324-BB7A-BB2415D8A5E7}.Release|x64.ActiveCfg = Release|x64
		{F32B802A-C814-4324-BB7A-BB2415D8A5E7}.Release|x64.Build.0 = Release|x64
		{F32B802A-C814-4324-BB7A-BB2415D8A5E7}.Release|x86.ActiveCfg = Release|Win32
		{F32B802A-C814-4324-BB7A-BB2415D8A5E7}.Release|x86.Build.0 = Release|Win32
		{B52E34BA-0018-4EEE-9A22-7CBB322C37ED}.Debug|x64.ActiveCfg = Debug|x64
		{B52E34BA-0018-4EEE-9A22-7CBB322C37ED}.Debug|x64.Build.0 = Debug|x64
		{B52E34BA-0018-4EEE-9A22-7CBB322C37ED}.Debug|x86.ActiveCfg = Debug|Win32
		{B52E34BA-0018-4EEE-9A22-7CBB322C37ED}.Debug|x86.Build.0 = Debug|Win32
		{B52E34BA-0018-4EEE-9A22-7CBB322C37ED}.Release|x64.ActiveCfg = Release|x64
		{B52E34BA-0018-4EEE-9A22-7CBB322C37ED}.Release|x64.Build.0 = Release|x64
		{B52E34BA-0018-4EEE-9A22-7CBB322C37ED}.Release|x86.ActiveCfg = Release|Win32
		{B52E34BA-0018-4EEE-9A22-7CBB322C37ED}.Release|x86.Build.0 = Release|Win32
		{21EF2E4F-9EFA-49C2-80B2-1B5CCC10913F}.Debug|x64.ActiveCfg = Debug|x64
		{21EF2E4F-9EFA-49C2-80B2-1B5CCC10913F}.Debug|x64.Build.0 = Debug|x64
		{21EF2E4F-9EFA-49C2-80B2-1B5CCC10913F}.Debug|x86.ActiveCfg = Debug|Win32
		{21EF2E4F-9EFA-49C2-80B2-1B5CCC10913F}.Debug|x86.Build.0 = Debug|Win32
		{21EF2E4F-9EFA-49C2-80B2-1B5CCC10913F}.Release|x64.ActiveCfg = Release|x64
		{21EF2E4F-9EFA-49C2-80B2-1B5CCC10913F}.Release|x64.Build.0 = Release|x64
		{21EF2E4F-9EFA-49C2-80B2-1B5CCC10913F}.Release|x86.ActiveCfg = Release|Win32
		{21EF2E4F-9EFA-49C2-80B2-1B5CCC10913F}.Release|x86.Build.0 = Release|Win32
		{FA931B48-E381-42FE-8E3B-44A980383FC6}.Debug|x64.ActiveCfg = Debug|x64
		{FA931B48-E381-42FE-8E3B-44A980383FC6}.Debug|x64.Build.0 = Debug|x64
		{FA931B48-E381-42FE-8E3B-44A980383FC6}.Debug|x86.ActiveCfg = Debug|Win32
		{FA931B48-E381-42FE-8E3B-44A980383FC6}.Debug|x86.Build.0 = Debug|Win32
		{FA931B48-E381-42FE-8E3B-44A980383FC6}.Release|x64.ActiveCfg = Release|x64
		{FA931B48-E381-42FE-8E3B-44A980383FC6}.Release|x64.Build.0 = Release|x64
		{FA931B48-E381-42FE-8E3B-44A980383FC6}.Release|x86.ActiveCfg = Release|Win32
		{FA931B48-E381-42FE-8E3B-44A980383FC6}.Release|x86.Build.0 = Release|Win32
		{D59EFDF8-C68D-4F96-B753-627D8EE0AC9B}.Debug|x64.ActiveCfg = Debug|x64
		{D59EFDF8-C68D-4F96-B753-627D8EE0AC9B}.Debug|x64.Build.0 = Debug|x64
		{D59EFDF8-C68D-4F96-B753-627D8EE0AC9B}.Debug|x86.ActiveCfg = Debug|Win32
		{D59EFDF8-C68D-4F96-B753-627D8EE0AC9B}.Debug|x86.Build.0 = Debug|Win32
		{D59EFDF8-C68D-4F96-B753-627D8EE0AC9B}.Release|x64.ActiveCfg = Release|x64
		{D59EFDF8-C68D-4F96-B753-627D8EE0AC9B}.Release|x64.Build.0 = Release|x64
		{D59EFDF8-C68D-4F96-B753-627D8EE0AC9B}.Release|x86.ActiveCfg = Release|Win32
		{D59EFDF8-C68D-4F96-B753-627D8EE0AC9B}.Release|x86.Build.0 = Release|Win32
		{FF0D032F-FFF5-4663-966D-67F90F741583}.Debug|x64.ActiveCfg = Debug|x64
		{FF0D032F-FFF5-4663-966D-67F90F741583}.Debug|x64.Build.0 = Debug|x64
		{FF0D032F-FFF5-4663-966D-67F90F741583}.Debug|x86.ActiveCfg = Debug|Win32
		{FF0D032F-FFF5-4663-966D-67F90F741583}.Debug|x86.Build.0 = Debug|Win32
		{FF0D032F-FFF5-4663-966D-67F90F741583}.Release|x64.ActiveCfg = Release|x64
		{FF0D032F-FFF5-4663-966D-67F90F741583}.Release|x64.Build.0 = Release|x64
		{FF0D032F-FFF5-4663-966D-67F90F741583}.Release|x86.ActiveCfg = Release|Win32
		{FF0D032F-FFF5-4663-966D-67F90F741583}.Release|x86.Build.0 = Release|Win32
		{909D407D-F77D-4C24-A026-A6614CA4F693}.Debug|x64.ActiveCfg = Debug|x64
		{909D407D-F77D-4C24-A026-A6614CA4F693}.Debug|x64.Build.0 = Debug|x64
		{909D407D-F77D-4C24-A026-A6614CA4F693}.Debug|x86.ActiveCfg = Debug|Win32
		{909D407D-F77D-4C24-A026-A6614CA4F693}.Debug|x86.Build.0 = Debug|Win32
		{909D407D-F77D-4C24-A026-A6614CA4F693}.Release|x64.ActiveCfg = Release|x64
		{909D407D-F77D-4C24-A026-A6614CA4F693}.Release|x64.Build.0 = Release|x64
		{909D407D-F77D-4C24-A026-A6614CA4F693}.Release|x86.ActiveCfg = Release|Win32
		{909D407D-F77D-4C24-A026-A6614CA4F693}.Release|x86.Build.0 = Release|Win32
		{7703B784-A365-4A27-83EE-BF65B8F6CCAE}.Debug|x64.ActiveCfg = Debug|x64
		{7703B784-A365-4A27-83EE-BF65B8F6CCAE}.Debug|x64.Build.0 = Debug|x64
		{7703B784-A365-4A27-83EE-BF65B8F6CCAE}.Debug|x86.ActiveCfg = Debug|Win32
		{7703B784-A365-4A27-83EE-BF65B8F6CCAE}.Debug|x86.Build.0 = Debug|Win32
		{7703B784-A365-4A27-83EE-BF65B8F6CCAE}.Release|x64.ActiveCfg = Release|x64
		{7703B784-A365-4A27-83EE-BF65B8F6CCAE}.Release|x64.Build.0 = Release|x64
		{7703B784-A365-4A27-83EE-BF65B8F6CCAE}.Release|x86.ActiveCfg = Release|Win32
		{7703B784-A365-4A27-83EE-BF65B8F6CCAE}.Release|x86.Build.0 = Release|Win32
		{9B34E24D-56F6-4DDA-87C7-1005A22622F0}.Debug|x64.ActiveCfg = Debug|x64
		{9B34E24D-56F6-4DDA-87C7-1005A22622F0}.Debug|x64.Build.0 = Debug|x64
		{9B34E24D-56F6-4DDA-87C7-1005A22622F0}.Debug|x86.ActiveCfg = Debug|Win32
		{9B34E24D-56F6-4DDA-87C7-1005A22622F0}.Debug|x86.Build.0 = Debug|Win32
		{9B34E24D-56F6-4DDA-87C7-1005A22622F0}.Release|x64.ActiveCfg = Release|x64
		{9B34E24D-56F6-4DDA-87C7-1005A22622F0}.Release|x64.Build.0 = Release|x64
		{9B34E24D-56F6-4DDA-87C7-1005A22622F0}.Release|x86.ActiveCfg = Release|Win32
		{9B34E24D-56F6-4DDA-87C7-1005A22622F0}.Release|x86.Build.0 = Release|Win32
		{0584DCB6-3AF7-4C50-A352-DF7AE24B0442}.Debug|x64.ActiveCfg = Debug|x64
		{0584DCB6-3AF7-4C50-A352-DF7AE24B0442}.Debug|x64.Build.0 = Debug|x64
		{0584DCB6-3AF7-4C50-A352-DF7AE24B0442}.Debug|x86.ActiveCfg = Debug|Win32
		{0584DCB6-3AF7-4C50-A352-DF7AE24B0442}.Debug|x86.Build.0 = Debug|Win32
		{0584DCB6-3AF7-4C50-A352-DF7AE24B0442}.Release|x64.ActiveCfg = Release|x64
		{0584DCB6-3AF7-4C50-A352-DF7AE24B0442}.Release|x64.Build.0 = Release|x64
		{0584DCB6-3AF7-4C50-A352-DF7AE24B0442}.Release|x86.ActiveCfg = Release|Win32
		{0584DCB6-3AF7-4C50-A352-DF7AE24B0442}.Release|x86.Build.0 = Release|Win32
		{6FAC3B18-24F1-4A8A-824B-D78E790171D0}.Debug|x64.ActiveCfg = Debug|x64
		{6FAC3B18-24F1-4A8A-824B-D78E790171D0}.Debug|x64.Build.0 = Debug|x64
		{6FAC3B18-24F1-4A8A-824B-D78E790171D0}.Debug|x86.ActiveCfg = Debug|Win32
		{6FAC3B18-24F1-4A8A-824B-D78E790171D0}.Debug|x86.Build.0 = Debug|Win32
		{6FAC3B18-24F1-4A8A-824B-D78E790171D0}.Release|x64.ActiveCfg = Release|x64
		{6FAC3B18-24F1-4A8A-824B-D78E790171D0}.Release|x64.Build.0 = Release|x64
		{6FAC3B18-24F1-4A8A-824B-D78E790171D0}.Release|x86.ActiveCfg = Release|Win32
		{6FAC3B18-24F1-4A8A-824B-D78E790171D0}.Release|x86.Build.0 = Release|Win32
		{56091992-A559-45C3-818E-8C7788154347}.Debug|x64.ActiveCfg = Debug|x64
		{56091992-A559-45C3-818E-8C7788154347}.Debug|x64.Build.0 = Debug|x64
		{56091992-A559-45C3-818E-8C7788154347}.Debug|x86.ActiveCfg = Debug|Win32
		{56091992-A559-45C3-818E-8C7788154347}.Debug|x86.Build.0 = Debug|Win32
		{56091992-A559-45C3-818E-8C7788154347}.Release|x64.ActiveCfg = Release|x64
		{56091992-A559-45C3-818E-8C7788154347}.Release|x64.Build.0 = Release|x64
		{56091992-A559-45C3-818E-8C7788154347}.Release|x86.ActiveCfg = Release|Win32
		{56091992-A559-45C3-818E-8C7788154347}.Release|x86.Build.0 = Release|Win32
		{3E3E9990-9932-41C2-936F-24B6D3AE12A1}.Debug|x64.ActiveCfg = Debug|x64
		{3E3E9990-9932-41C2-936F-24B6D3AE12A1}.Debug|x64.Build.0 = Debug|x64
		{3E3E9990-9932-41C2-936F-24B6D3AE12A1}.Debug|x86.ActiveCfg = Debug|Win32
		{3E3E9990-9932-41C2-936F-24B6D3AE12A1}.Debug|x86.Build.0 = Debug|Win32
		{3E3E9990-9932-41C2-936F-24B6D3AE12A1}.Release|x64.ActiveCfg = Release|x64
		{3E3E9990-9932-41C2-936F-24B6D3AE12A1}.Release|x64.Build.0 = Release|x64
		{3E3E9990-9932-41C2-936F-24B6D3AE12A1}.Release|x86.ActiveCfg = Release|Win32
		{3E3E9990-9932-41C2-936F-24B6D3AE12A1}.Release|x86.Build.0 = Release|Win32
	EndGlobalSection
	GlobalSection(SolutionProperties) = preSolution
		HideSolutionNode = FALSE
	EndGlobalSection
	GlobalSection(ExtensibilityGlobals) = postSolution
		SolutionGuid = {BAD7C170-D804-48BC-A570-DA2F84A401E3}
	EndGlobalSection
EndGlobal
